// !$*UTF8*$!
{
	archiveVersion = 1;
	classes = {
	};
	objectVersion = 50;
	objects = {

/* Begin PBXBuildFile section */
		A0DDF66D24C680C000DA5FDC /* libantlr4-runtime.a in Frameworks */ = {isa = PBXBuildFile; fileRef = A0DDF66C24C680C000DA5FDC /* libantlr4-runtime.a */; };
		A0DDF71624C687EB00DA5FDC /* DDSL-Antlr.cpp in Sources */ = {isa = PBXBuildFile; fileRef = A0DDF71524C687EB00DA5FDC /* DDSL-Antlr.cpp */; };
		A0DDF8A624C68F6C00DA5FDC /* ListTokenSource.h in CopyFiles */ = {isa = PBXBuildFile; fileRef = A0DDF5C724C680C000DA5FDC /* ListTokenSource.h */; };
		A0DDF8A724C68F6C00DA5FDC /* InterpreterDataReader.h in CopyFiles */ = {isa = PBXBuildFile; fileRef = A0DDF5C924C680C000DA5FDC /* InterpreterDataReader.h */; };
		A0DDF8A824C68F6C00DA5FDC /* IntervalSet.h in CopyFiles */ = {isa = PBXBuildFile; fileRef = A0DDF5CA24C680C000DA5FDC /* IntervalSet.h */; };
		A0DDF8A924C68F6C00DA5FDC /* Predicate.h in CopyFiles */ = {isa = PBXBuildFile; fileRef = A0DDF5CB24C680C000DA5FDC /* Predicate.h */; };
		A0DDF8AA24C68F6C00DA5FDC /* MurmurHash.h in CopyFiles */ = {isa = PBXBuildFile; fileRef = A0DDF5CC24C680C000DA5FDC /* MurmurHash.h */; };
		A0DDF8AB24C68F6C00DA5FDC /* Interval.h in CopyFiles */ = {isa = PBXBuildFile; fileRef = A0DDF5CD24C680C000DA5FDC /* Interval.h */; };
		A0DDF8AC24C68F6C00DA5FDC /* ParseTreeVisitor.h in CopyFiles */ = {isa = PBXBuildFile; fileRef = A0DDF5CF24C680C000DA5FDC /* ParseTreeVisitor.h */; };
		A0DDF8AD24C68F6C00DA5FDC /* ParseTreeWalker.h in CopyFiles */ = {isa = PBXBuildFile; fileRef = A0DDF5D024C680C000DA5FDC /* ParseTreeWalker.h */; };
		A0DDF8AE24C68F6C00DA5FDC /* XPathWildcardElement.h in CopyFiles */ = {isa = PBXBuildFile; fileRef = A0DDF5D224C680C000DA5FDC /* XPathWildcardElement.h */; };
		A0DDF8AF24C68F6C00DA5FDC /* XPathElement.h in CopyFiles */ = {isa = PBXBuildFile; fileRef = A0DDF5D324C680C000DA5FDC /* XPathElement.h */; };
		A0DDF8B024C68F6C00DA5FDC /* XPathTokenElement.h in CopyFiles */ = {isa = PBXBuildFile; fileRef = A0DDF5D424C680C000DA5FDC /* XPathTokenElement.h */; };
		A0DDF8B124C68F6C00DA5FDC /* XPathTokenAnywhereElement.h in CopyFiles */ = {isa = PBXBuildFile; fileRef = A0DDF5D524C680C000DA5FDC /* XPathTokenAnywhereElement.h */; };
		A0DDF8B224C68F6C00DA5FDC /* XPathLexerErrorListener.h in CopyFiles */ = {isa = PBXBuildFile; fileRef = A0DDF5D624C680C000DA5FDC /* XPathLexerErrorListener.h */; };
		A0DDF8B324C68F6C00DA5FDC /* XPathWildcardAnywhereElement.h in CopyFiles */ = {isa = PBXBuildFile; fileRef = A0DDF5D724C680C000DA5FDC /* XPathWildcardAnywhereElement.h */; };
		A0DDF8B424C68F6C00DA5FDC /* XPathRuleElement.h in CopyFiles */ = {isa = PBXBuildFile; fileRef = A0DDF5D824C680C000DA5FDC /* XPathRuleElement.h */; };
		A0DDF8B524C68F6C00DA5FDC /* XPath.h in CopyFiles */ = {isa = PBXBuildFile; fileRef = A0DDF5D924C680C000DA5FDC /* XPath.h */; };
		A0DDF8B624C68F6C00DA5FDC /* XPathRuleAnywhereElement.h in CopyFiles */ = {isa = PBXBuildFile; fileRef = A0DDF5DA24C680C000DA5FDC /* XPathRuleAnywhereElement.h */; };
		A0DDF8B724C68F6C00DA5FDC /* XPathLexer.h in CopyFiles */ = {isa = PBXBuildFile; fileRef = A0DDF5DB24C680C000DA5FDC /* XPathLexer.h */; };
		A0DDF8B824C68F6C00DA5FDC /* ParseTreeListener.h in CopyFiles */ = {isa = PBXBuildFile; fileRef = A0DDF5DC24C680C000DA5FDC /* ParseTreeListener.h */; };
		A0DDF8B924C68F6C00DA5FDC /* ErrorNode.h in CopyFiles */ = {isa = PBXBuildFile; fileRef = A0DDF5DD24C680C000DA5FDC /* ErrorNode.h */; };
		A0DDF8BA24C68F6C00DA5FDC /* TerminalNode.h in CopyFiles */ = {isa = PBXBuildFile; fileRef = A0DDF5DE24C680C000DA5FDC /* TerminalNode.h */; };
		A0DDF8BB24C68F6C00DA5FDC /* Trees.h in CopyFiles */ = {isa = PBXBuildFile; fileRef = A0DDF5DF24C680C000DA5FDC /* Trees.h */; };
		A0DDF8BC24C68F6C00DA5FDC /* AbstractParseTreeVisitor.h in CopyFiles */ = {isa = PBXBuildFile; fileRef = A0DDF5E024C680C000DA5FDC /* AbstractParseTreeVisitor.h */; };
		A0DDF8BD24C68F6C00DA5FDC /* TerminalNodeImpl.h in CopyFiles */ = {isa = PBXBuildFile; fileRef = A0DDF5E124C680C000DA5FDC /* TerminalNodeImpl.h */; };
		A0DDF8BE24C68F6C00DA5FDC /* IterativeParseTreeWalker.h in CopyFiles */ = {isa = PBXBuildFile; fileRef = A0DDF5E224C680C000DA5FDC /* IterativeParseTreeWalker.h */; };
		A0DDF8BF24C68F6C00DA5FDC /* ErrorNodeImpl.h in CopyFiles */ = {isa = PBXBuildFile; fileRef = A0DDF5E324C680C000DA5FDC /* ErrorNodeImpl.h */; };
		A0DDF8C024C68F6C00DA5FDC /* ParseTreePattern.h in CopyFiles */ = {isa = PBXBuildFile; fileRef = A0DDF5E524C680C000DA5FDC /* ParseTreePattern.h */; };
		A0DDF8C124C68F6C00DA5FDC /* RuleTagToken.h in CopyFiles */ = {isa = PBXBuildFile; fileRef = A0DDF5E624C680C000DA5FDC /* RuleTagToken.h */; };
		A0DDF8C224C68F6C00DA5FDC /* ParseTreeMatch.h in CopyFiles */ = {isa = PBXBuildFile; fileRef = A0DDF5E724C680C000DA5FDC /* ParseTreeMatch.h */; };
		A0DDF8C324C68F6C00DA5FDC /* Chunk.h in CopyFiles */ = {isa = PBXBuildFile; fileRef = A0DDF5E824C680C000DA5FDC /* Chunk.h */; };
		A0DDF8C424C68F6C00DA5FDC /* TokenTagToken.h in CopyFiles */ = {isa = PBXBuildFile; fileRef = A0DDF5E924C680C000DA5FDC /* TokenTagToken.h */; };
		A0DDF8C524C68F6C00DA5FDC /* ParseTreePatternMatcher.h in CopyFiles */ = {isa = PBXBuildFile; fileRef = A0DDF5EA24C680C000DA5FDC /* ParseTreePatternMatcher.h */; };
		A0DDF8C624C68F6C00DA5FDC /* TextChunk.h in CopyFiles */ = {isa = PBXBuildFile; fileRef = A0DDF5EB24C680C000DA5FDC /* TextChunk.h */; };
		A0DDF8C724C68F6C00DA5FDC /* TagChunk.h in CopyFiles */ = {isa = PBXBuildFile; fileRef = A0DDF5EC24C680C000DA5FDC /* TagChunk.h */; };
		A0DDF8C824C68F6C00DA5FDC /* ParseTreeProperty.h in CopyFiles */ = {isa = PBXBuildFile; fileRef = A0DDF5ED24C680C000DA5FDC /* ParseTreeProperty.h */; };
		A0DDF8C924C68F6C00DA5FDC /* ParseTree.h in CopyFiles */ = {isa = PBXBuildFile; fileRef = A0DDF5EE24C680C000DA5FDC /* ParseTree.h */; };
		A0DDF8CA24C68F6C00DA5FDC /* LexerNoViableAltException.h in CopyFiles */ = {isa = PBXBuildFile; fileRef = A0DDF5EF24C680C000DA5FDC /* LexerNoViableAltException.h */; };
		A0DDF8CB24C68F6C00DA5FDC /* ANTLRInputStream.h in CopyFiles */ = {isa = PBXBuildFile; fileRef = A0DDF5F024C680C000DA5FDC /* ANTLRInputStream.h */; };
		A0DDF8CC24C68F6C00DA5FDC /* WritableToken.h in CopyFiles */ = {isa = PBXBuildFile; fileRef = A0DDF5F124C680C000DA5FDC /* WritableToken.h */; };
		A0DDF8CD24C68F6C00DA5FDC /* FailedPredicateException.h in CopyFiles */ = {isa = PBXBuildFile; fileRef = A0DDF5F224C680C000DA5FDC /* FailedPredicateException.h */; };
		A0DDF8CE24C68F6C00DA5FDC /* Recognizer.h in CopyFiles */ = {isa = PBXBuildFile; fileRef = A0DDF5F324C680C000DA5FDC /* Recognizer.h */; };
		A0DDF8CF24C68F6C00DA5FDC /* LexerDFASerializer.h in CopyFiles */ = {isa = PBXBuildFile; fileRef = A0DDF5F524C680C000DA5FDC /* LexerDFASerializer.h */; };
		A0DDF8D024C68F6C00DA5FDC /* DFAState.h in CopyFiles */ = {isa = PBXBuildFile; fileRef = A0DDF5F624C680C000DA5FDC /* DFAState.h */; };
		A0DDF8D124C68F6C00DA5FDC /* DFA.h in CopyFiles */ = {isa = PBXBuildFile; fileRef = A0DDF5F724C680C000DA5FDC /* DFA.h */; };
		A0DDF8D224C68F6C00DA5FDC /* DFASerializer.h in CopyFiles */ = {isa = PBXBuildFile; fileRef = A0DDF5F824C680C000DA5FDC /* DFASerializer.h */; };
		A0DDF8D324C68F6C00DA5FDC /* Parser.h in CopyFiles */ = {isa = PBXBuildFile; fileRef = A0DDF5F924C680C000DA5FDC /* Parser.h */; };
		A0DDF8D424C68F6C00DA5FDC /* ANTLRFileStream.h in CopyFiles */ = {isa = PBXBuildFile; fileRef = A0DDF5FA24C680C000DA5FDC /* ANTLRFileStream.h */; };
		A0DDF8D524C68F6C00DA5FDC /* ConsoleErrorListener.h in CopyFiles */ = {isa = PBXBuildFile; fileRef = A0DDF5FB24C680C000DA5FDC /* ConsoleErrorListener.h */; };
		A0DDF8D624C68F6C00DA5FDC /* ANTLRErrorStrategy.h in CopyFiles */ = {isa = PBXBuildFile; fileRef = A0DDF5FC24C680C000DA5FDC /* ANTLRErrorStrategy.h */; };
		A0DDF8D724C68F6C00DA5FDC /* ProxyErrorListener.h in CopyFiles */ = {isa = PBXBuildFile; fileRef = A0DDF5FD24C680C000DA5FDC /* ProxyErrorListener.h */; };
		A0DDF8D824C68F6C00DA5FDC /* Vocabulary.h in CopyFiles */ = {isa = PBXBuildFile; fileRef = A0DDF5FE24C680C000DA5FDC /* Vocabulary.h */; };
		A0DDF8D924C68F6C00DA5FDC /* Exceptions.h in CopyFiles */ = {isa = PBXBuildFile; fileRef = A0DDF5FF24C680C000DA5FDC /* Exceptions.h */; };
		A0DDF8DA24C68F6C00DA5FDC /* UnbufferedTokenStream.h in CopyFiles */ = {isa = PBXBuildFile; fileRef = A0DDF60024C680C000DA5FDC /* UnbufferedTokenStream.h */; };
		A0DDF8DB24C68F6C00DA5FDC /* TokenStreamRewriter.h in CopyFiles */ = {isa = PBXBuildFile; fileRef = A0DDF60124C680C000DA5FDC /* TokenStreamRewriter.h */; };
		A0DDF8DC24C68F6C00DA5FDC /* TokenStream.h in CopyFiles */ = {isa = PBXBuildFile; fileRef = A0DDF60224C680C000DA5FDC /* TokenStream.h */; };
		A0DDF8DD24C68F6C00DA5FDC /* TokenSource.h in CopyFiles */ = {isa = PBXBuildFile; fileRef = A0DDF60324C680C000DA5FDC /* TokenSource.h */; };
		A0DDF8DE24C68F6C00DA5FDC /* ANTLRErrorListener.h in CopyFiles */ = {isa = PBXBuildFile; fileRef = A0DDF60424C680C000DA5FDC /* ANTLRErrorListener.h */; };
		A0DDF8DF24C68F6C00DA5FDC /* antlr4-common.h in CopyFiles */ = {isa = PBXBuildFile; fileRef = A0DDF60524C680C000DA5FDC /* antlr4-common.h */; };
		A0DDF8E024C68F6C00DA5FDC /* BufferedTokenStream.h in CopyFiles */ = {isa = PBXBuildFile; fileRef = A0DDF60624C680C000DA5FDC /* BufferedTokenStream.h */; };
		A0DDF8E124C68F6C00DA5FDC /* ParserRuleContext.h in CopyFiles */ = {isa = PBXBuildFile; fileRef = A0DDF60724C680C000DA5FDC /* ParserRuleContext.h */; };
		A0DDF8E224C68F6C00DA5FDC /* CommonTokenFactory.h in CopyFiles */ = {isa = PBXBuildFile; fileRef = A0DDF60824C680C000DA5FDC /* CommonTokenFactory.h */; };
		A0DDF8E324C68F6C00DA5FDC /* RuleContext.h in CopyFiles */ = {isa = PBXBuildFile; fileRef = A0DDF60924C680C000DA5FDC /* RuleContext.h */; };
		A0DDF8E424C68F6C00DA5FDC /* RuleContextWithAltNum.h in CopyFiles */ = {isa = PBXBuildFile; fileRef = A0DDF60A24C680C000DA5FDC /* RuleContextWithAltNum.h */; };
		A0DDF8E524C68F6C00DA5FDC /* CommonToken.h in CopyFiles */ = {isa = PBXBuildFile; fileRef = A0DDF60B24C680C000DA5FDC /* CommonToken.h */; };
		A0DDF8E624C68F6C00DA5FDC /* InterpreterRuleContext.h in CopyFiles */ = {isa = PBXBuildFile; fileRef = A0DDF60C24C680C000DA5FDC /* InterpreterRuleContext.h */; };
		A0DDF8E724C68F6C00DA5FDC /* DiagnosticErrorListener.h in CopyFiles */ = {isa = PBXBuildFile; fileRef = A0DDF60D24C680C000DA5FDC /* DiagnosticErrorListener.h */; };
		A0DDF8E824C68F6C00DA5FDC /* BitSet.h in CopyFiles */ = {isa = PBXBuildFile; fileRef = A0DDF60F24C680C000DA5FDC /* BitSet.h */; };
		A0DDF8E924C68F6C00DA5FDC /* CPPUtils.h in CopyFiles */ = {isa = PBXBuildFile; fileRef = A0DDF61024C680C000DA5FDC /* CPPUtils.h */; };
		A0DDF8EA24C68F6C00DA5FDC /* Declarations.h in CopyFiles */ = {isa = PBXBuildFile; fileRef = A0DDF61124C680C000DA5FDC /* Declarations.h */; };
		A0DDF8EB24C68F6C00DA5FDC /* StringUtils.h in CopyFiles */ = {isa = PBXBuildFile; fileRef = A0DDF61224C680C000DA5FDC /* StringUtils.h */; };
		A0DDF8EC24C68F6C00DA5FDC /* guid.h in CopyFiles */ = {isa = PBXBuildFile; fileRef = A0DDF61324C680C000DA5FDC /* guid.h */; };
		A0DDF8ED24C68F6C00DA5FDC /* Arrays.h in CopyFiles */ = {isa = PBXBuildFile; fileRef = A0DDF61424C680C000DA5FDC /* Arrays.h */; };
		A0DDF8EE24C68F6C00DA5FDC /* Any.h in CopyFiles */ = {isa = PBXBuildFile; fileRef = A0DDF61524C680C000DA5FDC /* Any.h */; };
		A0DDF8EF24C68F6C00DA5FDC /* ParserInterpreter.h in CopyFiles */ = {isa = PBXBuildFile; fileRef = A0DDF61624C680C000DA5FDC /* ParserInterpreter.h */; };
		A0DDF8F024C68F6C00DA5FDC /* RuntimeMetaData.h in CopyFiles */ = {isa = PBXBuildFile; fileRef = A0DDF61724C680C000DA5FDC /* RuntimeMetaData.h */; };
		A0DDF8F124C68F6C00DA5FDC /* RecognitionException.h in CopyFiles */ = {isa = PBXBuildFile; fileRef = A0DDF61824C680C000DA5FDC /* RecognitionException.h */; };
		A0DDF8F224C68F6C00DA5FDC /* antlr4-runtime.h in CopyFiles */ = {isa = PBXBuildFile; fileRef = A0DDF61924C680C000DA5FDC /* antlr4-runtime.h */; };
		A0DDF8F324C68F6C00DA5FDC /* Lexer.h in CopyFiles */ = {isa = PBXBuildFile; fileRef = A0DDF61A24C680C000DA5FDC /* Lexer.h */; };
		A0DDF8F424C68F6C00DA5FDC /* CommonTokenStream.h in CopyFiles */ = {isa = PBXBuildFile; fileRef = A0DDF61B24C680C000DA5FDC /* CommonTokenStream.h */; };
		A0DDF8F524C68F6C00DA5FDC /* UnbufferedCharStream.h in CopyFiles */ = {isa = PBXBuildFile; fileRef = A0DDF61C24C680C000DA5FDC /* UnbufferedCharStream.h */; };
		A0DDF8F624C68F6C00DA5FDC /* CharStream.h in CopyFiles */ = {isa = PBXBuildFile; fileRef = A0DDF61D24C680C000DA5FDC /* CharStream.h */; };
		A0DDF8F724C68F6C00DA5FDC /* InputMismatchException.h in CopyFiles */ = {isa = PBXBuildFile; fileRef = A0DDF61E24C680C000DA5FDC /* InputMismatchException.h */; };
		A0DDF8F824C68F6C00DA5FDC /* Token.h in CopyFiles */ = {isa = PBXBuildFile; fileRef = A0DDF61F24C680C000DA5FDC /* Token.h */; };
		A0DDF8F924C68F6C00DA5FDC /* IntStream.h in CopyFiles */ = {isa = PBXBuildFile; fileRef = A0DDF62024C680C000DA5FDC /* IntStream.h */; };
		A0DDF8FA24C68F6C00DA5FDC /* DefaultErrorStrategy.h in CopyFiles */ = {isa = PBXBuildFile; fileRef = A0DDF62124C680C000DA5FDC /* DefaultErrorStrategy.h */; };
		A0DDF8FB24C68F6C00DA5FDC /* LexerCustomAction.h in CopyFiles */ = {isa = PBXBuildFile; fileRef = A0DDF62324C680C000DA5FDC /* LexerCustomAction.h */; };
		A0DDF8FC24C68F6C00DA5FDC /* LoopEndState.h in CopyFiles */ = {isa = PBXBuildFile; fileRef = A0DDF62424C680C000DA5FDC /* LoopEndState.h */; };
		A0DDF8FD24C68F6C00DA5FDC /* ActionTransition.h in CopyFiles */ = {isa = PBXBuildFile; fileRef = A0DDF62524C680C000DA5FDC /* ActionTransition.h */; };
		A0DDF8FE24C68F6C00DA5FDC /* PlusBlockStartState.h in CopyFiles */ = {isa = PBXBuildFile; fileRef = A0DDF62624C680C000DA5FDC /* PlusBlockStartState.h */; };
		A0DDF8FF24C68F6C00DA5FDC /* SetTransition.h in CopyFiles */ = {isa = PBXBuildFile; fileRef = A0DDF62724C680C000DA5FDC /* SetTransition.h */; };
		A0DDF90024C68F6C00DA5FDC /* PredicateEvalInfo.h in CopyFiles */ = {isa = PBXBuildFile; fileRef = A0DDF62824C680C000DA5FDC /* PredicateEvalInfo.h */; };
		A0DDF90124C68F6C00DA5FDC /* EmptyPredictionContext.h in CopyFiles */ = {isa = PBXBuildFile; fileRef = A0DDF62924C680C000DA5FDC /* EmptyPredictionContext.h */; };
		A0DDF90224C68F6C00DA5FDC /* LexerTypeAction.h in CopyFiles */ = {isa = PBXBuildFile; fileRef = A0DDF62A24C680C000DA5FDC /* LexerTypeAction.h */; };
		A0DDF90324C68F6C00DA5FDC /* ATNDeserializer.h in CopyFiles */ = {isa = PBXBuildFile; fileRef = A0DDF62B24C680C000DA5FDC /* ATNDeserializer.h */; };
		A0DDF90424C68F6C00DA5FDC /* LexerMoreAction.h in CopyFiles */ = {isa = PBXBuildFile; fileRef = A0DDF62C24C680C000DA5FDC /* LexerMoreAction.h */; };
		A0DDF90524C68F6C00DA5FDC /* RuleTransition.h in CopyFiles */ = {isa = PBXBuildFile; fileRef = A0DDF62D24C680C000DA5FDC /* RuleTransition.h */; };
		A0DDF90624C68F6C00DA5FDC /* StarLoopEntryState.h in CopyFiles */ = {isa = PBXBuildFile; fileRef = A0DDF62E24C680C000DA5FDC /* StarLoopEntryState.h */; };
		A0DDF90724C68F6C00DA5FDC /* StarBlockStartState.h in CopyFiles */ = {isa = PBXBuildFile; fileRef = A0DDF62F24C680C000DA5FDC /* StarBlockStartState.h */; };
		A0DDF90824C68F6C00DA5FDC /* DecisionState.h in CopyFiles */ = {isa = PBXBuildFile; fileRef = A0DDF63024C680C000DA5FDC /* DecisionState.h */; };
		A0DDF90924C68F6C00DA5FDC /* LexerIndexedCustomAction.h in CopyFiles */ = {isa = PBXBuildFile; fileRef = A0DDF63124C680C000DA5FDC /* LexerIndexedCustomAction.h */; };
		A0DDF90A24C68F6C00DA5FDC /* PlusLoopbackState.h in CopyFiles */ = {isa = PBXBuildFile; fileRef = A0DDF63224C680C000DA5FDC /* PlusLoopbackState.h */; };
		A0DDF90B24C68F6C00DA5FDC /* LexerATNConfig.h in CopyFiles */ = {isa = PBXBuildFile; fileRef = A0DDF63324C680C000DA5FDC /* LexerATNConfig.h */; };
		A0DDF90C24C68F6C00DA5FDC /* PredictionMode.h in CopyFiles */ = {isa = PBXBuildFile; fileRef = A0DDF63424C680C000DA5FDC /* PredictionMode.h */; };
		A0DDF90D24C68F6C00DA5FDC /* BlockEndState.h in CopyFiles */ = {isa = PBXBuildFile; fileRef = A0DDF63524C680C000DA5FDC /* BlockEndState.h */; };
		A0DDF90E24C68F6C00DA5FDC /* ATNConfig.h in CopyFiles */ = {isa = PBXBuildFile; fileRef = A0DDF63624C680C000DA5FDC /* ATNConfig.h */; };
		A0DDF90F24C68F6C00DA5FDC /* TokensStartState.h in CopyFiles */ = {isa = PBXBuildFile; fileRef = A0DDF63724C680C000DA5FDC /* TokensStartState.h */; };
		A0DDF91024C68F6C00DA5FDC /* PredictionContext.h in CopyFiles */ = {isa = PBXBuildFile; fileRef = A0DDF63824C680C000DA5FDC /* PredictionContext.h */; };
		A0DDF91124C68F6C00DA5FDC /* RuleStartState.h in CopyFiles */ = {isa = PBXBuildFile; fileRef = A0DDF63924C680C000DA5FDC /* RuleStartState.h */; };
		A0DDF91224C68F6C00DA5FDC /* LexerChannelAction.h in CopyFiles */ = {isa = PBXBuildFile; fileRef = A0DDF63A24C680C000DA5FDC /* LexerChannelAction.h */; };
		A0DDF91324C68F6C00DA5FDC /* LexerSkipAction.h in CopyFiles */ = {isa = PBXBuildFile; fileRef = A0DDF63B24C680C000DA5FDC /* LexerSkipAction.h */; };
		A0DDF91424C68F6C00DA5FDC /* ParseInfo.h in CopyFiles */ = {isa = PBXBuildFile; fileRef = A0DDF63C24C680C000DA5FDC /* ParseInfo.h */; };
		A0DDF91524C68F6C00DA5FDC /* Transition.h in CopyFiles */ = {isa = PBXBuildFile; fileRef = A0DDF63D24C680C000DA5FDC /* Transition.h */; };
		A0DDF91624C68F6C00DA5FDC /* NotSetTransition.h in CopyFiles */ = {isa = PBXBuildFile; fileRef = A0DDF63E24C680C000DA5FDC /* NotSetTransition.h */; };
		A0DDF91724C68F6C00DA5FDC /* BasicState.h in CopyFiles */ = {isa = PBXBuildFile; fileRef = A0DDF63F24C680C000DA5FDC /* BasicState.h */; };
		A0DDF91824C68F6C00DA5FDC /* AbstractPredicateTransition.h in CopyFiles */ = {isa = PBXBuildFile; fileRef = A0DDF64024C680C000DA5FDC /* AbstractPredicateTransition.h */; };
		A0DDF91924C68F6C00DA5FDC /* ATNSerializer.h in CopyFiles */ = {isa = PBXBuildFile; fileRef = A0DDF64124C680C000DA5FDC /* ATNSerializer.h */; };
		A0DDF91A24C68F6C00DA5FDC /* ParserATNSimulator.h in CopyFiles */ = {isa = PBXBuildFile; fileRef = A0DDF64224C680C000DA5FDC /* ParserATNSimulator.h */; };
		A0DDF91B24C68F6C00DA5FDC /* PredicateTransition.h in CopyFiles */ = {isa = PBXBuildFile; fileRef = A0DDF64324C680C000DA5FDC /* PredicateTransition.h */; };
		A0DDF91C24C68F6C00DA5FDC /* AtomTransition.h in CopyFiles */ = {isa = PBXBuildFile; fileRef = A0DDF64424C680C000DA5FDC /* AtomTransition.h */; };
		A0DDF91D24C68F6C00DA5FDC /* LexerPushModeAction.h in CopyFiles */ = {isa = PBXBuildFile; fileRef = A0DDF64524C680C000DA5FDC /* LexerPushModeAction.h */; };
		A0DDF91E24C68F6C00DA5FDC /* EpsilonTransition.h in CopyFiles */ = {isa = PBXBuildFile; fileRef = A0DDF64624C680C000DA5FDC /* EpsilonTransition.h */; };
		A0DDF91F24C68F6C00DA5FDC /* OrderedATNConfigSet.h in CopyFiles */ = {isa = PBXBuildFile; fileRef = A0DDF64724C680C000DA5FDC /* OrderedATNConfigSet.h */; };
		A0DDF92024C68F6C00DA5FDC /* AmbiguityInfo.h in CopyFiles */ = {isa = PBXBuildFile; fileRef = A0DDF64824C680C000DA5FDC /* AmbiguityInfo.h */; };
		A0DDF92124C68F6C00DA5FDC /* LL1Analyzer.h in CopyFiles */ = {isa = PBXBuildFile; fileRef = A0DDF64924C680C000DA5FDC /* LL1Analyzer.h */; };
		A0DDF92224C68F6C00DA5FDC /* ATNSimulator.h in CopyFiles */ = {isa = PBXBuildFile; fileRef = A0DDF64A24C680C000DA5FDC /* ATNSimulator.h */; };
		A0DDF92324C68F6C00DA5FDC /* RangeTransition.h in CopyFiles */ = {isa = PBXBuildFile; fileRef = A0DDF64B24C680C000DA5FDC /* RangeTransition.h */; };
		A0DDF92424C68F6C00DA5FDC /* RuleStopState.h in CopyFiles */ = {isa = PBXBuildFile; fileRef = A0DDF64C24C680C000DA5FDC /* RuleStopState.h */; };
		A0DDF92524C68F6C00DA5FDC /* ErrorInfo.h in CopyFiles */ = {isa = PBXBuildFile; fileRef = A0DDF64D24C680C000DA5FDC /* ErrorInfo.h */; };
		A0DDF92624C68F6C00DA5FDC /* LexerModeAction.h in CopyFiles */ = {isa = PBXBuildFile; fileRef = A0DDF64E24C680C000DA5FDC /* LexerModeAction.h */; };
		A0DDF92724C68F6C00DA5FDC /* ProfilingATNSimulator.h in CopyFiles */ = {isa = PBXBuildFile; fileRef = A0DDF64F24C680C000DA5FDC /* ProfilingATNSimulator.h */; };
		A0DDF92824C68F6C00DA5FDC /* ATNConfigSet.h in CopyFiles */ = {isa = PBXBuildFile; fileRef = A0DDF65024C680C000DA5FDC /* ATNConfigSet.h */; };
		A0DDF92924C68F6C00DA5FDC /* ATNType.h in CopyFiles */ = {isa = PBXBuildFile; fileRef = A0DDF65124C680C000DA5FDC /* ATNType.h */; };
		A0DDF92A24C68F6C00DA5FDC /* WildcardTransition.h in CopyFiles */ = {isa = PBXBuildFile; fileRef = A0DDF65224C680C000DA5FDC /* WildcardTransition.h */; };
		A0DDF92B24C68F6C00DA5FDC /* ATN.h in CopyFiles */ = {isa = PBXBuildFile; fileRef = A0DDF65324C680C000DA5FDC /* ATN.h */; };
		A0DDF92C24C68F6C00DA5FDC /* ArrayPredictionContext.h in CopyFiles */ = {isa = PBXBuildFile; fileRef = A0DDF65424C680C000DA5FDC /* ArrayPredictionContext.h */; };
		A0DDF92D24C68F6C00DA5FDC /* SingletonPredictionContext.h in CopyFiles */ = {isa = PBXBuildFile; fileRef = A0DDF65524C680C000DA5FDC /* SingletonPredictionContext.h */; };
		A0DDF92E24C68F6C00DA5FDC /* LexerPopModeAction.h in CopyFiles */ = {isa = PBXBuildFile; fileRef = A0DDF65624C680C000DA5FDC /* LexerPopModeAction.h */; };
		A0DDF92F24C68F6C00DA5FDC /* ATNState.h in CopyFiles */ = {isa = PBXBuildFile; fileRef = A0DDF65724C680C000DA5FDC /* ATNState.h */; };
		A0DDF93024C68F6C00DA5FDC /* DecisionInfo.h in CopyFiles */ = {isa = PBXBuildFile; fileRef = A0DDF65824C680C000DA5FDC /* DecisionInfo.h */; };
		A0DDF93124C68F6C00DA5FDC /* BlockStartState.h in CopyFiles */ = {isa = PBXBuildFile; fileRef = A0DDF65924C680C000DA5FDC /* BlockStartState.h */; };
		A0DDF93224C68F6C00DA5FDC /* LexerATNSimulator.h in CopyFiles */ = {isa = PBXBuildFile; fileRef = A0DDF65A24C680C000DA5FDC /* LexerATNSimulator.h */; };
		A0DDF93324C68F6C00DA5FDC /* SemanticContext.h in CopyFiles */ = {isa = PBXBuildFile; fileRef = A0DDF65B24C680C000DA5FDC /* SemanticContext.h */; };
		A0DDF93424C68F6C00DA5FDC /* ContextSensitivityInfo.h in CopyFiles */ = {isa = PBXBuildFile; fileRef = A0DDF65C24C680C000DA5FDC /* ContextSensitivityInfo.h */; };
		A0DDF93524C68F6C00DA5FDC /* LookaheadEventInfo.h in CopyFiles */ = {isa = PBXBuildFile; fileRef = A0DDF65D24C680C000DA5FDC /* LookaheadEventInfo.h */; };
		A0DDF93624C68F6C00DA5FDC /* LexerActionType.h in CopyFiles */ = {isa = PBXBuildFile; fileRef = A0DDF65E24C680C000DA5FDC /* LexerActionType.h */; };
		A0DDF93724C68F6C00DA5FDC /* StarLoopbackState.h in CopyFiles */ = {isa = PBXBuildFile; fileRef = A0DDF65F24C680C000DA5FDC /* StarLoopbackState.h */; };
		A0DDF93824C68F6C00DA5FDC /* LexerAction.h in CopyFiles */ = {isa = PBXBuildFile; fileRef = A0DDF66024C680C000DA5FDC /* LexerAction.h */; };
		A0DDF93924C68F6C00DA5FDC /* DecisionEventInfo.h in CopyFiles */ = {isa = PBXBuildFile; fileRef = A0DDF66124C680C000DA5FDC /* DecisionEventInfo.h */; };
		A0DDF93A24C68F6C00DA5FDC /* LexerActionExecutor.h in CopyFiles */ = {isa = PBXBuildFile; fileRef = A0DDF66224C680C000DA5FDC /* LexerActionExecutor.h */; };
		A0DDF93B24C68F6C00DA5FDC /* PrecedencePredicateTransition.h in CopyFiles */ = {isa = PBXBuildFile; fileRef = A0DDF66324C680C000DA5FDC /* PrecedencePredicateTransition.h */; };
		A0DDF93C24C68F6C00DA5FDC /* ATNDeserializationOptions.h in CopyFiles */ = {isa = PBXBuildFile; fileRef = A0DDF66424C680C000DA5FDC /* ATNDeserializationOptions.h */; };
		A0DDF93D24C68F6C00DA5FDC /* BasicBlockStartState.h in CopyFiles */ = {isa = PBXBuildFile; fileRef = A0DDF66524C680C000DA5FDC /* BasicBlockStartState.h */; };
		A0DDF93E24C68F6C00DA5FDC /* NoViableAltException.h in CopyFiles */ = {isa = PBXBuildFile; fileRef = A0DDF66624C680C000DA5FDC /* NoViableAltException.h */; };
		A0DDF93F24C68F6C00DA5FDC /* TokenFactory.h in CopyFiles */ = {isa = PBXBuildFile; fileRef = A0DDF66724C680C000DA5FDC /* TokenFactory.h */; };
		A0DDF94024C68F6C00DA5FDC /* BailErrorStrategy.h in CopyFiles */ = {isa = PBXBuildFile; fileRef = A0DDF66824C680C000DA5FDC /* BailErrorStrategy.h */; };
		A0DDF94124C68F6C00DA5FDC /* BaseErrorListener.h in CopyFiles */ = {isa = PBXBuildFile; fileRef = A0DDF66924C680C000DA5FDC /* BaseErrorListener.h */; };
		A0DDF94224C68F6C00DA5FDC /* LexerInterpreter.h in CopyFiles */ = {isa = PBXBuildFile; fileRef = A0DDF66A24C680C000DA5FDC /* LexerInterpreter.h */; };
		A0DDF94324C68F6C00DA5FDC /* DDSL-Antlr.h in CopyFiles */ = {isa = PBXBuildFile; fileRef = A0DDF71324C6878200DA5FDC /* DDSL-Antlr.h */; };
/* End PBXBuildFile section */

/* Begin PBXCopyFilesBuildPhase section */
		A0DDF5B824C680AC00DA5FDC /* CopyFiles */ = {
			isa = PBXCopyFilesBuildPhase;
			buildActionMask = 12;
			dstPath = "include/$(PRODUCT_NAME)";
			dstSubfolderSpec = 16;
			files = (
				A0DDF8A624C68F6C00DA5FDC /* ListTokenSource.h in CopyFiles */,
				A0DDF8A724C68F6C00DA5FDC /* InterpreterDataReader.h in CopyFiles */,
				A0DDF8A824C68F6C00DA5FDC /* IntervalSet.h in CopyFiles */,
				A0DDF8A924C68F6C00DA5FDC /* Predicate.h in CopyFiles */,
				A0DDF8AA24C68F6C00DA5FDC /* MurmurHash.h in CopyFiles */,
				A0DDF8AB24C68F6C00DA5FDC /* Interval.h in CopyFiles */,
				A0DDF8AC24C68F6C00DA5FDC /* ParseTreeVisitor.h in CopyFiles */,
				A0DDF8AD24C68F6C00DA5FDC /* ParseTreeWalker.h in CopyFiles */,
				A0DDF8AE24C68F6C00DA5FDC /* XPathWildcardElement.h in CopyFiles */,
				A0DDF8AF24C68F6C00DA5FDC /* XPathElement.h in CopyFiles */,
				A0DDF8B024C68F6C00DA5FDC /* XPathTokenElement.h in CopyFiles */,
				A0DDF8B124C68F6C00DA5FDC /* XPathTokenAnywhereElement.h in CopyFiles */,
				A0DDF8B224C68F6C00DA5FDC /* XPathLexerErrorListener.h in CopyFiles */,
				A0DDF8B324C68F6C00DA5FDC /* XPathWildcardAnywhereElement.h in CopyFiles */,
				A0DDF8B424C68F6C00DA5FDC /* XPathRuleElement.h in CopyFiles */,
				A0DDF8B524C68F6C00DA5FDC /* XPath.h in CopyFiles */,
				A0DDF8B624C68F6C00DA5FDC /* XPathRuleAnywhereElement.h in CopyFiles */,
				A0DDF8B724C68F6C00DA5FDC /* XPathLexer.h in CopyFiles */,
				A0DDF8B824C68F6C00DA5FDC /* ParseTreeListener.h in CopyFiles */,
				A0DDF8B924C68F6C00DA5FDC /* ErrorNode.h in CopyFiles */,
				A0DDF8BA24C68F6C00DA5FDC /* TerminalNode.h in CopyFiles */,
				A0DDF8BB24C68F6C00DA5FDC /* Trees.h in CopyFiles */,
				A0DDF8BC24C68F6C00DA5FDC /* AbstractParseTreeVisitor.h in CopyFiles */,
				A0DDF8BD24C68F6C00DA5FDC /* TerminalNodeImpl.h in CopyFiles */,
				A0DDF8BE24C68F6C00DA5FDC /* IterativeParseTreeWalker.h in CopyFiles */,
				A0DDF8BF24C68F6C00DA5FDC /* ErrorNodeImpl.h in CopyFiles */,
				A0DDF8C024C68F6C00DA5FDC /* ParseTreePattern.h in CopyFiles */,
				A0DDF8C124C68F6C00DA5FDC /* RuleTagToken.h in CopyFiles */,
				A0DDF8C224C68F6C00DA5FDC /* ParseTreeMatch.h in CopyFiles */,
				A0DDF8C324C68F6C00DA5FDC /* Chunk.h in CopyFiles */,
				A0DDF8C424C68F6C00DA5FDC /* TokenTagToken.h in CopyFiles */,
				A0DDF8C524C68F6C00DA5FDC /* ParseTreePatternMatcher.h in CopyFiles */,
				A0DDF8C624C68F6C00DA5FDC /* TextChunk.h in CopyFiles */,
				A0DDF8C724C68F6C00DA5FDC /* TagChunk.h in CopyFiles */,
				A0DDF8C824C68F6C00DA5FDC /* ParseTreeProperty.h in CopyFiles */,
				A0DDF8C924C68F6C00DA5FDC /* ParseTree.h in CopyFiles */,
				A0DDF8CA24C68F6C00DA5FDC /* LexerNoViableAltException.h in CopyFiles */,
				A0DDF8CB24C68F6C00DA5FDC /* ANTLRInputStream.h in CopyFiles */,
				A0DDF8CC24C68F6C00DA5FDC /* WritableToken.h in CopyFiles */,
				A0DDF8CD24C68F6C00DA5FDC /* FailedPredicateException.h in CopyFiles */,
				A0DDF8CE24C68F6C00DA5FDC /* Recognizer.h in CopyFiles */,
				A0DDF8CF24C68F6C00DA5FDC /* LexerDFASerializer.h in CopyFiles */,
				A0DDF8D024C68F6C00DA5FDC /* DFAState.h in CopyFiles */,
				A0DDF8D124C68F6C00DA5FDC /* DFA.h in CopyFiles */,
				A0DDF8D224C68F6C00DA5FDC /* DFASerializer.h in CopyFiles */,
				A0DDF8D324C68F6C00DA5FDC /* Parser.h in CopyFiles */,
				A0DDF8D424C68F6C00DA5FDC /* ANTLRFileStream.h in CopyFiles */,
				A0DDF8D524C68F6C00DA5FDC /* ConsoleErrorListener.h in CopyFiles */,
				A0DDF8D624C68F6C00DA5FDC /* ANTLRErrorStrategy.h in CopyFiles */,
				A0DDF8D724C68F6C00DA5FDC /* ProxyErrorListener.h in CopyFiles */,
				A0DDF8D824C68F6C00DA5FDC /* Vocabulary.h in CopyFiles */,
				A0DDF8D924C68F6C00DA5FDC /* Exceptions.h in CopyFiles */,
				A0DDF8DA24C68F6C00DA5FDC /* UnbufferedTokenStream.h in CopyFiles */,
				A0DDF8DB24C68F6C00DA5FDC /* TokenStreamRewriter.h in CopyFiles */,
				A0DDF8DC24C68F6C00DA5FDC /* TokenStream.h in CopyFiles */,
				A0DDF8DD24C68F6C00DA5FDC /* TokenSource.h in CopyFiles */,
				A0DDF8DE24C68F6C00DA5FDC /* ANTLRErrorListener.h in CopyFiles */,
				A0DDF8DF24C68F6C00DA5FDC /* antlr4-common.h in CopyFiles */,
				A0DDF8E024C68F6C00DA5FDC /* BufferedTokenStream.h in CopyFiles */,
				A0DDF8E124C68F6C00DA5FDC /* ParserRuleContext.h in CopyFiles */,
				A0DDF8E224C68F6C00DA5FDC /* CommonTokenFactory.h in CopyFiles */,
				A0DDF8E324C68F6C00DA5FDC /* RuleContext.h in CopyFiles */,
				A0DDF8E424C68F6C00DA5FDC /* RuleContextWithAltNum.h in CopyFiles */,
				A0DDF8E524C68F6C00DA5FDC /* CommonToken.h in CopyFiles */,
				A0DDF8E624C68F6C00DA5FDC /* InterpreterRuleContext.h in CopyFiles */,
				A0DDF8E724C68F6C00DA5FDC /* DiagnosticErrorListener.h in CopyFiles */,
				A0DDF8E824C68F6C00DA5FDC /* BitSet.h in CopyFiles */,
				A0DDF8E924C68F6C00DA5FDC /* CPPUtils.h in CopyFiles */,
				A0DDF8EA24C68F6C00DA5FDC /* Declarations.h in CopyFiles */,
				A0DDF8EB24C68F6C00DA5FDC /* StringUtils.h in CopyFiles */,
				A0DDF8EC24C68F6C00DA5FDC /* guid.h in CopyFiles */,
				A0DDF8ED24C68F6C00DA5FDC /* Arrays.h in CopyFiles */,
				A0DDF8EE24C68F6C00DA5FDC /* Any.h in CopyFiles */,
				A0DDF8EF24C68F6C00DA5FDC /* ParserInterpreter.h in CopyFiles */,
				A0DDF8F024C68F6C00DA5FDC /* RuntimeMetaData.h in CopyFiles */,
				A0DDF8F124C68F6C00DA5FDC /* RecognitionException.h in CopyFiles */,
				A0DDF8F224C68F6C00DA5FDC /* antlr4-runtime.h in CopyFiles */,
				A0DDF8F324C68F6C00DA5FDC /* Lexer.h in CopyFiles */,
				A0DDF8F424C68F6C00DA5FDC /* CommonTokenStream.h in CopyFiles */,
				A0DDF8F524C68F6C00DA5FDC /* UnbufferedCharStream.h in CopyFiles */,
				A0DDF8F624C68F6C00DA5FDC /* CharStream.h in CopyFiles */,
				A0DDF8F724C68F6C00DA5FDC /* InputMismatchException.h in CopyFiles */,
				A0DDF8F824C68F6C00DA5FDC /* Token.h in CopyFiles */,
				A0DDF8F924C68F6C00DA5FDC /* IntStream.h in CopyFiles */,
				A0DDF8FA24C68F6C00DA5FDC /* DefaultErrorStrategy.h in CopyFiles */,
				A0DDF8FB24C68F6C00DA5FDC /* LexerCustomAction.h in CopyFiles */,
				A0DDF8FC24C68F6C00DA5FDC /* LoopEndState.h in CopyFiles */,
				A0DDF8FD24C68F6C00DA5FDC /* ActionTransition.h in CopyFiles */,
				A0DDF8FE24C68F6C00DA5FDC /* PlusBlockStartState.h in CopyFiles */,
				A0DDF8FF24C68F6C00DA5FDC /* SetTransition.h in CopyFiles */,
				A0DDF90024C68F6C00DA5FDC /* PredicateEvalInfo.h in CopyFiles */,
				A0DDF90124C68F6C00DA5FDC /* EmptyPredictionContext.h in CopyFiles */,
				A0DDF90224C68F6C00DA5FDC /* LexerTypeAction.h in CopyFiles */,
				A0DDF90324C68F6C00DA5FDC /* ATNDeserializer.h in CopyFiles */,
				A0DDF90424C68F6C00DA5FDC /* LexerMoreAction.h in CopyFiles */,
				A0DDF90524C68F6C00DA5FDC /* RuleTransition.h in CopyFiles */,
				A0DDF90624C68F6C00DA5FDC /* StarLoopEntryState.h in CopyFiles */,
				A0DDF90724C68F6C00DA5FDC /* StarBlockStartState.h in CopyFiles */,
				A0DDF90824C68F6C00DA5FDC /* DecisionState.h in CopyFiles */,
				A0DDF90924C68F6C00DA5FDC /* LexerIndexedCustomAction.h in CopyFiles */,
				A0DDF90A24C68F6C00DA5FDC /* PlusLoopbackState.h in CopyFiles */,
				A0DDF90B24C68F6C00DA5FDC /* LexerATNConfig.h in CopyFiles */,
				A0DDF90C24C68F6C00DA5FDC /* PredictionMode.h in CopyFiles */,
				A0DDF90D24C68F6C00DA5FDC /* BlockEndState.h in CopyFiles */,
				A0DDF90E24C68F6C00DA5FDC /* ATNConfig.h in CopyFiles */,
				A0DDF90F24C68F6C00DA5FDC /* TokensStartState.h in CopyFiles */,
				A0DDF91024C68F6C00DA5FDC /* PredictionContext.h in CopyFiles */,
				A0DDF91124C68F6C00DA5FDC /* RuleStartState.h in CopyFiles */,
				A0DDF91224C68F6C00DA5FDC /* LexerChannelAction.h in CopyFiles */,
				A0DDF91324C68F6C00DA5FDC /* LexerSkipAction.h in CopyFiles */,
				A0DDF91424C68F6C00DA5FDC /* ParseInfo.h in CopyFiles */,
				A0DDF91524C68F6C00DA5FDC /* Transition.h in CopyFiles */,
				A0DDF91624C68F6C00DA5FDC /* NotSetTransition.h in CopyFiles */,
				A0DDF91724C68F6C00DA5FDC /* BasicState.h in CopyFiles */,
				A0DDF91824C68F6C00DA5FDC /* AbstractPredicateTransition.h in CopyFiles */,
				A0DDF91924C68F6C00DA5FDC /* ATNSerializer.h in CopyFiles */,
				A0DDF91A24C68F6C00DA5FDC /* ParserATNSimulator.h in CopyFiles */,
				A0DDF91B24C68F6C00DA5FDC /* PredicateTransition.h in CopyFiles */,
				A0DDF91C24C68F6C00DA5FDC /* AtomTransition.h in CopyFiles */,
				A0DDF91D24C68F6C00DA5FDC /* LexerPushModeAction.h in CopyFiles */,
				A0DDF91E24C68F6C00DA5FDC /* EpsilonTransition.h in CopyFiles */,
				A0DDF91F24C68F6C00DA5FDC /* OrderedATNConfigSet.h in CopyFiles */,
				A0DDF92024C68F6C00DA5FDC /* AmbiguityInfo.h in CopyFiles */,
				A0DDF92124C68F6C00DA5FDC /* LL1Analyzer.h in CopyFiles */,
				A0DDF92224C68F6C00DA5FDC /* ATNSimulator.h in CopyFiles */,
				A0DDF92324C68F6C00DA5FDC /* RangeTransition.h in CopyFiles */,
				A0DDF92424C68F6C00DA5FDC /* RuleStopState.h in CopyFiles */,
				A0DDF92524C68F6C00DA5FDC /* ErrorInfo.h in CopyFiles */,
				A0DDF92624C68F6C00DA5FDC /* LexerModeAction.h in CopyFiles */,
				A0DDF92724C68F6C00DA5FDC /* ProfilingATNSimulator.h in CopyFiles */,
				A0DDF92824C68F6C00DA5FDC /* ATNConfigSet.h in CopyFiles */,
				A0DDF92924C68F6C00DA5FDC /* ATNType.h in CopyFiles */,
				A0DDF92A24C68F6C00DA5FDC /* WildcardTransition.h in CopyFiles */,
				A0DDF92B24C68F6C00DA5FDC /* ATN.h in CopyFiles */,
				A0DDF92C24C68F6C00DA5FDC /* ArrayPredictionContext.h in CopyFiles */,
				A0DDF92D24C68F6C00DA5FDC /* SingletonPredictionContext.h in CopyFiles */,
				A0DDF92E24C68F6C00DA5FDC /* LexerPopModeAction.h in CopyFiles */,
				A0DDF92F24C68F6C00DA5FDC /* ATNState.h in CopyFiles */,
				A0DDF93024C68F6C00DA5FDC /* DecisionInfo.h in CopyFiles */,
				A0DDF93124C68F6C00DA5FDC /* BlockStartState.h in CopyFiles */,
				A0DDF93224C68F6C00DA5FDC /* LexerATNSimulator.h in CopyFiles */,
				A0DDF93324C68F6C00DA5FDC /* SemanticContext.h in CopyFiles */,
				A0DDF93424C68F6C00DA5FDC /* ContextSensitivityInfo.h in CopyFiles */,
				A0DDF93524C68F6C00DA5FDC /* LookaheadEventInfo.h in CopyFiles */,
				A0DDF93624C68F6C00DA5FDC /* LexerActionType.h in CopyFiles */,
				A0DDF93724C68F6C00DA5FDC /* StarLoopbackState.h in CopyFiles */,
				A0DDF93824C68F6C00DA5FDC /* LexerAction.h in CopyFiles */,
				A0DDF93924C68F6C00DA5FDC /* DecisionEventInfo.h in CopyFiles */,
				A0DDF93A24C68F6C00DA5FDC /* LexerActionExecutor.h in CopyFiles */,
				A0DDF93B24C68F6C00DA5FDC /* PrecedencePredicateTransition.h in CopyFiles */,
				A0DDF93C24C68F6C00DA5FDC /* ATNDeserializationOptions.h in CopyFiles */,
				A0DDF93D24C68F6C00DA5FDC /* BasicBlockStartState.h in CopyFiles */,
				A0DDF93E24C68F6C00DA5FDC /* NoViableAltException.h in CopyFiles */,
				A0DDF93F24C68F6C00DA5FDC /* TokenFactory.h in CopyFiles */,
				A0DDF94024C68F6C00DA5FDC /* BailErrorStrategy.h in CopyFiles */,
				A0DDF94124C68F6C00DA5FDC /* BaseErrorListener.h in CopyFiles */,
				A0DDF94224C68F6C00DA5FDC /* LexerInterpreter.h in CopyFiles */,
				A0DDF94324C68F6C00DA5FDC /* DDSL-Antlr.h in CopyFiles */,
			);
			runOnlyForDeploymentPostprocessing = 0;
		};
/* End PBXCopyFilesBuildPhase section */

/* Begin PBXFileReference section */
		A0DDF5BA24C680AC00DA5FDC /* libDDSL-Antlr.a */ = {isa = PBXFileReference; explicitFileType = archive.ar; includeInIndex = 0; path = "libDDSL-Antlr.a"; sourceTree = BUILT_PRODUCTS_DIR; };
		A0DDF5C724C680C000DA5FDC /* ListTokenSource.h */ = {isa = PBXFileReference; fileEncoding = 4; lastKnownFileType = sourcecode.c.h; path = ListTokenSource.h; sourceTree = "<group>"; };
		A0DDF5C924C680C000DA5FDC /* InterpreterDataReader.h */ = {isa = PBXFileReference; fileEncoding = 4; lastKnownFileType = sourcecode.c.h; path = InterpreterDataReader.h; sourceTree = "<group>"; };
		A0DDF5CA24C680C000DA5FDC /* IntervalSet.h */ = {isa = PBXFileReference; fileEncoding = 4; lastKnownFileType = sourcecode.c.h; path = IntervalSet.h; sourceTree = "<group>"; };
		A0DDF5CB24C680C000DA5FDC /* Predicate.h */ = {isa = PBXFileReference; fileEncoding = 4; lastKnownFileType = sourcecode.c.h; path = Predicate.h; sourceTree = "<group>"; };
		A0DDF5CC24C680C000DA5FDC /* MurmurHash.h */ = {isa = PBXFileReference; fileEncoding = 4; lastKnownFileType = sourcecode.c.h; path = MurmurHash.h; sourceTree = "<group>"; };
		A0DDF5CD24C680C000DA5FDC /* Interval.h */ = {isa = PBXFileReference; fileEncoding = 4; lastKnownFileType = sourcecode.c.h; path = Interval.h; sourceTree = "<group>"; };
		A0DDF5CF24C680C000DA5FDC /* ParseTreeVisitor.h */ = {isa = PBXFileReference; fileEncoding = 4; lastKnownFileType = sourcecode.c.h; path = ParseTreeVisitor.h; sourceTree = "<group>"; };
		A0DDF5D024C680C000DA5FDC /* ParseTreeWalker.h */ = {isa = PBXFileReference; fileEncoding = 4; lastKnownFileType = sourcecode.c.h; path = ParseTreeWalker.h; sourceTree = "<group>"; };
		A0DDF5D224C680C000DA5FDC /* XPathWildcardElement.h */ = {isa = PBXFileReference; fileEncoding = 4; lastKnownFileType = sourcecode.c.h; path = XPathWildcardElement.h; sourceTree = "<group>"; };
		A0DDF5D324C680C000DA5FDC /* XPathElement.h */ = {isa = PBXFileReference; fileEncoding = 4; lastKnownFileType = sourcecode.c.h; path = XPathElement.h; sourceTree = "<group>"; };
		A0DDF5D424C680C000DA5FDC /* XPathTokenElement.h */ = {isa = PBXFileReference; fileEncoding = 4; lastKnownFileType = sourcecode.c.h; path = XPathTokenElement.h; sourceTree = "<group>"; };
		A0DDF5D524C680C000DA5FDC /* XPathTokenAnywhereElement.h */ = {isa = PBXFileReference; fileEncoding = 4; lastKnownFileType = sourcecode.c.h; path = XPathTokenAnywhereElement.h; sourceTree = "<group>"; };
		A0DDF5D624C680C000DA5FDC /* XPathLexerErrorListener.h */ = {isa = PBXFileReference; fileEncoding = 4; lastKnownFileType = sourcecode.c.h; path = XPathLexerErrorListener.h; sourceTree = "<group>"; };
		A0DDF5D724C680C000DA5FDC /* XPathWildcardAnywhereElement.h */ = {isa = PBXFileReference; fileEncoding = 4; lastKnownFileType = sourcecode.c.h; path = XPathWildcardAnywhereElement.h; sourceTree = "<group>"; };
		A0DDF5D824C680C000DA5FDC /* XPathRuleElement.h */ = {isa = PBXFileReference; fileEncoding = 4; lastKnownFileType = sourcecode.c.h; path = XPathRuleElement.h; sourceTree = "<group>"; };
		A0DDF5D924C680C000DA5FDC /* XPath.h */ = {isa = PBXFileReference; fileEncoding = 4; lastKnownFileType = sourcecode.c.h; path = XPath.h; sourceTree = "<group>"; };
		A0DDF5DA24C680C000DA5FDC /* XPathRuleAnywhereElement.h */ = {isa = PBXFileReference; fileEncoding = 4; lastKnownFileType = sourcecode.c.h; path = XPathRuleAnywhereElement.h; sourceTree = "<group>"; };
		A0DDF5DB24C680C000DA5FDC /* XPathLexer.h */ = {isa = PBXFileReference; fileEncoding = 4; lastKnownFileType = sourcecode.c.h; path = XPathLexer.h; sourceTree = "<group>"; };
		A0DDF5DC24C680C000DA5FDC /* ParseTreeListener.h */ = {isa = PBXFileReference; fileEncoding = 4; lastKnownFileType = sourcecode.c.h; path = ParseTreeListener.h; sourceTree = "<group>"; };
		A0DDF5DD24C680C000DA5FDC /* ErrorNode.h */ = {isa = PBXFileReference; fileEncoding = 4; lastKnownFileType = sourcecode.c.h; path = ErrorNode.h; sourceTree = "<group>"; };
		A0DDF5DE24C680C000DA5FDC /* TerminalNode.h */ = {isa = PBXFileReference; fileEncoding = 4; lastKnownFileType = sourcecode.c.h; path = TerminalNode.h; sourceTree = "<group>"; };
		A0DDF5DF24C680C000DA5FDC /* Trees.h */ = {isa = PBXFileReference; fileEncoding = 4; lastKnownFileType = sourcecode.c.h; path = Trees.h; sourceTree = "<group>"; };
		A0DDF5E024C680C000DA5FDC /* AbstractParseTreeVisitor.h */ = {isa = PBXFileReference; fileEncoding = 4; lastKnownFileType = sourcecode.c.h; path = AbstractParseTreeVisitor.h; sourceTree = "<group>"; };
		A0DDF5E124C680C000DA5FDC /* TerminalNodeImpl.h */ = {isa = PBXFileReference; fileEncoding = 4; lastKnownFileType = sourcecode.c.h; path = TerminalNodeImpl.h; sourceTree = "<group>"; };
		A0DDF5E224C680C000DA5FDC /* IterativeParseTreeWalker.h */ = {isa = PBXFileReference; fileEncoding = 4; lastKnownFileType = sourcecode.c.h; path = IterativeParseTreeWalker.h; sourceTree = "<group>"; };
		A0DDF5E324C680C000DA5FDC /* ErrorNodeImpl.h */ = {isa = PBXFileReference; fileEncoding = 4; lastKnownFileType = sourcecode.c.h; path = ErrorNodeImpl.h; sourceTree = "<group>"; };
		A0DDF5E524C680C000DA5FDC /* ParseTreePattern.h */ = {isa = PBXFileReference; fileEncoding = 4; lastKnownFileType = sourcecode.c.h; path = ParseTreePattern.h; sourceTree = "<group>"; };
		A0DDF5E624C680C000DA5FDC /* RuleTagToken.h */ = {isa = PBXFileReference; fileEncoding = 4; lastKnownFileType = sourcecode.c.h; path = RuleTagToken.h; sourceTree = "<group>"; };
		A0DDF5E724C680C000DA5FDC /* ParseTreeMatch.h */ = {isa = PBXFileReference; fileEncoding = 4; lastKnownFileType = sourcecode.c.h; path = ParseTreeMatch.h; sourceTree = "<group>"; };
		A0DDF5E824C680C000DA5FDC /* Chunk.h */ = {isa = PBXFileReference; fileEncoding = 4; lastKnownFileType = sourcecode.c.h; path = Chunk.h; sourceTree = "<group>"; };
		A0DDF5E924C680C000DA5FDC /* TokenTagToken.h */ = {isa = PBXFileReference; fileEncoding = 4; lastKnownFileType = sourcecode.c.h; path = TokenTagToken.h; sourceTree = "<group>"; };
		A0DDF5EA24C680C000DA5FDC /* ParseTreePatternMatcher.h */ = {isa = PBXFileReference; fileEncoding = 4; lastKnownFileType = sourcecode.c.h; path = ParseTreePatternMatcher.h; sourceTree = "<group>"; };
		A0DDF5EB24C680C000DA5FDC /* TextChunk.h */ = {isa = PBXFileReference; fileEncoding = 4; lastKnownFileType = sourcecode.c.h; path = TextChunk.h; sourceTree = "<group>"; };
		A0DDF5EC24C680C000DA5FDC /* TagChunk.h */ = {isa = PBXFileReference; fileEncoding = 4; lastKnownFileType = sourcecode.c.h; path = TagChunk.h; sourceTree = "<group>"; };
		A0DDF5ED24C680C000DA5FDC /* ParseTreeProperty.h */ = {isa = PBXFileReference; fileEncoding = 4; lastKnownFileType = sourcecode.c.h; path = ParseTreeProperty.h; sourceTree = "<group>"; };
		A0DDF5EE24C680C000DA5FDC /* ParseTree.h */ = {isa = PBXFileReference; fileEncoding = 4; lastKnownFileType = sourcecode.c.h; path = ParseTree.h; sourceTree = "<group>"; };
		A0DDF5EF24C680C000DA5FDC /* LexerNoViableAltException.h */ = {isa = PBXFileReference; fileEncoding = 4; lastKnownFileType = sourcecode.c.h; path = LexerNoViableAltException.h; sourceTree = "<group>"; };
		A0DDF5F024C680C000DA5FDC /* ANTLRInputStream.h */ = {isa = PBXFileReference; fileEncoding = 4; lastKnownFileType = sourcecode.c.h; path = ANTLRInputStream.h; sourceTree = "<group>"; };
		A0DDF5F124C680C000DA5FDC /* WritableToken.h */ = {isa = PBXFileReference; fileEncoding = 4; lastKnownFileType = sourcecode.c.h; path = WritableToken.h; sourceTree = "<group>"; };
		A0DDF5F224C680C000DA5FDC /* FailedPredicateException.h */ = {isa = PBXFileReference; fileEncoding = 4; lastKnownFileType = sourcecode.c.h; path = FailedPredicateException.h; sourceTree = "<group>"; };
		A0DDF5F324C680C000DA5FDC /* Recognizer.h */ = {isa = PBXFileReference; fileEncoding = 4; lastKnownFileType = sourcecode.c.h; path = Recognizer.h; sourceTree = "<group>"; };
		A0DDF5F524C680C000DA5FDC /* LexerDFASerializer.h */ = {isa = PBXFileReference; fileEncoding = 4; lastKnownFileType = sourcecode.c.h; path = LexerDFASerializer.h; sourceTree = "<group>"; };
		A0DDF5F624C680C000DA5FDC /* DFAState.h */ = {isa = PBXFileReference; fileEncoding = 4; lastKnownFileType = sourcecode.c.h; path = DFAState.h; sourceTree = "<group>"; };
		A0DDF5F724C680C000DA5FDC /* DFA.h */ = {isa = PBXFileReference; fileEncoding = 4; lastKnownFileType = sourcecode.c.h; path = DFA.h; sourceTree = "<group>"; };
		A0DDF5F824C680C000DA5FDC /* DFASerializer.h */ = {isa = PBXFileReference; fileEncoding = 4; lastKnownFileType = sourcecode.c.h; path = DFASerializer.h; sourceTree = "<group>"; };
		A0DDF5F924C680C000DA5FDC /* Parser.h */ = {isa = PBXFileReference; fileEncoding = 4; lastKnownFileType = sourcecode.c.h; path = Parser.h; sourceTree = "<group>"; };
		A0DDF5FA24C680C000DA5FDC /* ANTLRFileStream.h */ = {isa = PBXFileReference; fileEncoding = 4; lastKnownFileType = sourcecode.c.h; path = ANTLRFileStream.h; sourceTree = "<group>"; };
		A0DDF5FB24C680C000DA5FDC /* ConsoleErrorListener.h */ = {isa = PBXFileReference; fileEncoding = 4; lastKnownFileType = sourcecode.c.h; path = ConsoleErrorListener.h; sourceTree = "<group>"; };
		A0DDF5FC24C680C000DA5FDC /* ANTLRErrorStrategy.h */ = {isa = PBXFileReference; fileEncoding = 4; lastKnownFileType = sourcecode.c.h; path = ANTLRErrorStrategy.h; sourceTree = "<group>"; };
		A0DDF5FD24C680C000DA5FDC /* ProxyErrorListener.h */ = {isa = PBXFileReference; fileEncoding = 4; lastKnownFileType = sourcecode.c.h; path = ProxyErrorListener.h; sourceTree = "<group>"; };
		A0DDF5FE24C680C000DA5FDC /* Vocabulary.h */ = {isa = PBXFileReference; fileEncoding = 4; lastKnownFileType = sourcecode.c.h; path = Vocabulary.h; sourceTree = "<group>"; };
		A0DDF5FF24C680C000DA5FDC /* Exceptions.h */ = {isa = PBXFileReference; fileEncoding = 4; lastKnownFileType = sourcecode.c.h; path = Exceptions.h; sourceTree = "<group>"; };
		A0DDF60024C680C000DA5FDC /* UnbufferedTokenStream.h */ = {isa = PBXFileReference; fileEncoding = 4; lastKnownFileType = sourcecode.c.h; path = UnbufferedTokenStream.h; sourceTree = "<group>"; };
		A0DDF60124C680C000DA5FDC /* TokenStreamRewriter.h */ = {isa = PBXFileReference; fileEncoding = 4; lastKnownFileType = sourcecode.c.h; path = TokenStreamRewriter.h; sourceTree = "<group>"; };
		A0DDF60224C680C000DA5FDC /* TokenStream.h */ = {isa = PBXFileReference; fileEncoding = 4; lastKnownFileType = sourcecode.c.h; path = TokenStream.h; sourceTree = "<group>"; };
		A0DDF60324C680C000DA5FDC /* TokenSource.h */ = {isa = PBXFileReference; fileEncoding = 4; lastKnownFileType = sourcecode.c.h; path = TokenSource.h; sourceTree = "<group>"; };
		A0DDF60424C680C000DA5FDC /* ANTLRErrorListener.h */ = {isa = PBXFileReference; fileEncoding = 4; lastKnownFileType = sourcecode.c.h; path = ANTLRErrorListener.h; sourceTree = "<group>"; };
		A0DDF60524C680C000DA5FDC /* antlr4-common.h */ = {isa = PBXFileReference; fileEncoding = 4; lastKnownFileType = sourcecode.c.h; path = "antlr4-common.h"; sourceTree = "<group>"; };
		A0DDF60624C680C000DA5FDC /* BufferedTokenStream.h */ = {isa = PBXFileReference; fileEncoding = 4; lastKnownFileType = sourcecode.c.h; path = BufferedTokenStream.h; sourceTree = "<group>"; };
		A0DDF60724C680C000DA5FDC /* ParserRuleContext.h */ = {isa = PBXFileReference; fileEncoding = 4; lastKnownFileType = sourcecode.c.h; path = ParserRuleContext.h; sourceTree = "<group>"; };
		A0DDF60824C680C000DA5FDC /* CommonTokenFactory.h */ = {isa = PBXFileReference; fileEncoding = 4; lastKnownFileType = sourcecode.c.h; path = CommonTokenFactory.h; sourceTree = "<group>"; };
		A0DDF60924C680C000DA5FDC /* RuleContext.h */ = {isa = PBXFileReference; fileEncoding = 4; lastKnownFileType = sourcecode.c.h; path = RuleContext.h; sourceTree = "<group>"; };
		A0DDF60A24C680C000DA5FDC /* RuleContextWithAltNum.h */ = {isa = PBXFileReference; fileEncoding = 4; lastKnownFileType = sourcecode.c.h; path = RuleContextWithAltNum.h; sourceTree = "<group>"; };
		A0DDF60B24C680C000DA5FDC /* CommonToken.h */ = {isa = PBXFileReference; fileEncoding = 4; lastKnownFileType = sourcecode.c.h; path = CommonToken.h; sourceTree = "<group>"; };
		A0DDF60C24C680C000DA5FDC /* InterpreterRuleContext.h */ = {isa = PBXFileReference; fileEncoding = 4; lastKnownFileType = sourcecode.c.h; path = InterpreterRuleContext.h; sourceTree = "<group>"; };
		A0DDF60D24C680C000DA5FDC /* DiagnosticErrorListener.h */ = {isa = PBXFileReference; fileEncoding = 4; lastKnownFileType = sourcecode.c.h; path = DiagnosticErrorListener.h; sourceTree = "<group>"; };
		A0DDF60F24C680C000DA5FDC /* BitSet.h */ = {isa = PBXFileReference; fileEncoding = 4; lastKnownFileType = sourcecode.c.h; path = BitSet.h; sourceTree = "<group>"; };
		A0DDF61024C680C000DA5FDC /* CPPUtils.h */ = {isa = PBXFileReference; fileEncoding = 4; lastKnownFileType = sourcecode.c.h; path = CPPUtils.h; sourceTree = "<group>"; };
		A0DDF61124C680C000DA5FDC /* Declarations.h */ = {isa = PBXFileReference; fileEncoding = 4; lastKnownFileType = sourcecode.c.h; path = Declarations.h; sourceTree = "<group>"; };
		A0DDF61224C680C000DA5FDC /* StringUtils.h */ = {isa = PBXFileReference; fileEncoding = 4; lastKnownFileType = sourcecode.c.h; path = StringUtils.h; sourceTree = "<group>"; };
		A0DDF61324C680C000DA5FDC /* guid.h */ = {isa = PBXFileReference; fileEncoding = 4; lastKnownFileType = sourcecode.c.h; path = guid.h; sourceTree = "<group>"; };
		A0DDF61424C680C000DA5FDC /* Arrays.h */ = {isa = PBXFileReference; fileEncoding = 4; lastKnownFileType = sourcecode.c.h; path = Arrays.h; sourceTree = "<group>"; };
		A0DDF61524C680C000DA5FDC /* Any.h */ = {isa = PBXFileReference; fileEncoding = 4; lastKnownFileType = sourcecode.c.h; path = Any.h; sourceTree = "<group>"; };
		A0DDF61624C680C000DA5FDC /* ParserInterpreter.h */ = {isa = PBXFileReference; fileEncoding = 4; lastKnownFileType = sourcecode.c.h; path = ParserInterpreter.h; sourceTree = "<group>"; };
		A0DDF61724C680C000DA5FDC /* RuntimeMetaData.h */ = {isa = PBXFileReference; fileEncoding = 4; lastKnownFileType = sourcecode.c.h; path = RuntimeMetaData.h; sourceTree = "<group>"; };
		A0DDF61824C680C000DA5FDC /* RecognitionException.h */ = {isa = PBXFileReference; fileEncoding = 4; lastKnownFileType = sourcecode.c.h; path = RecognitionException.h; sourceTree = "<group>"; };
		A0DDF61924C680C000DA5FDC /* antlr4-runtime.h */ = {isa = PBXFileReference; fileEncoding = 4; lastKnownFileType = sourcecode.c.h; path = "antlr4-runtime.h"; sourceTree = "<group>"; };
		A0DDF61A24C680C000DA5FDC /* Lexer.h */ = {isa = PBXFileReference; fileEncoding = 4; lastKnownFileType = sourcecode.c.h; path = Lexer.h; sourceTree = "<group>"; };
		A0DDF61B24C680C000DA5FDC /* CommonTokenStream.h */ = {isa = PBXFileReference; fileEncoding = 4; lastKnownFileType = sourcecode.c.h; path = CommonTokenStream.h; sourceTree = "<group>"; };
		A0DDF61C24C680C000DA5FDC /* UnbufferedCharStream.h */ = {isa = PBXFileReference; fileEncoding = 4; lastKnownFileType = sourcecode.c.h; path = UnbufferedCharStream.h; sourceTree = "<group>"; };
		A0DDF61D24C680C000DA5FDC /* CharStream.h */ = {isa = PBXFileReference; fileEncoding = 4; lastKnownFileType = sourcecode.c.h; path = CharStream.h; sourceTree = "<group>"; };
		A0DDF61E24C680C000DA5FDC /* InputMismatchException.h */ = {isa = PBXFileReference; fileEncoding = 4; lastKnownFileType = sourcecode.c.h; path = InputMismatchException.h; sourceTree = "<group>"; };
		A0DDF61F24C680C000DA5FDC /* Token.h */ = {isa = PBXFileReference; fileEncoding = 4; lastKnownFileType = sourcecode.c.h; path = Token.h; sourceTree = "<group>"; };
		A0DDF62024C680C000DA5FDC /* IntStream.h */ = {isa = PBXFileReference; fileEncoding = 4; lastKnownFileType = sourcecode.c.h; path = IntStream.h; sourceTree = "<group>"; };
		A0DDF62124C680C000DA5FDC /* DefaultErrorStrategy.h */ = {isa = PBXFileReference; fileEncoding = 4; lastKnownFileType = sourcecode.c.h; path = DefaultErrorStrategy.h; sourceTree = "<group>"; };
		A0DDF62324C680C000DA5FDC /* LexerCustomAction.h */ = {isa = PBXFileReference; fileEncoding = 4; lastKnownFileType = sourcecode.c.h; path = LexerCustomAction.h; sourceTree = "<group>"; };
		A0DDF62424C680C000DA5FDC /* LoopEndState.h */ = {isa = PBXFileReference; fileEncoding = 4; lastKnownFileType = sourcecode.c.h; path = LoopEndState.h; sourceTree = "<group>"; };
		A0DDF62524C680C000DA5FDC /* ActionTransition.h */ = {isa = PBXFileReference; fileEncoding = 4; lastKnownFileType = sourcecode.c.h; path = ActionTransition.h; sourceTree = "<group>"; };
		A0DDF62624C680C000DA5FDC /* PlusBlockStartState.h */ = {isa = PBXFileReference; fileEncoding = 4; lastKnownFileType = sourcecode.c.h; path = PlusBlockStartState.h; sourceTree = "<group>"; };
		A0DDF62724C680C000DA5FDC /* SetTransition.h */ = {isa = PBXFileReference; fileEncoding = 4; lastKnownFileType = sourcecode.c.h; path = SetTransition.h; sourceTree = "<group>"; };
		A0DDF62824C680C000DA5FDC /* PredicateEvalInfo.h */ = {isa = PBXFileReference; fileEncoding = 4; lastKnownFileType = sourcecode.c.h; path = PredicateEvalInfo.h; sourceTree = "<group>"; };
		A0DDF62924C680C000DA5FDC /* EmptyPredictionContext.h */ = {isa = PBXFileReference; fileEncoding = 4; lastKnownFileType = sourcecode.c.h; path = EmptyPredictionContext.h; sourceTree = "<group>"; };
		A0DDF62A24C680C000DA5FDC /* LexerTypeAction.h */ = {isa = PBXFileReference; fileEncoding = 4; lastKnownFileType = sourcecode.c.h; path = LexerTypeAction.h; sourceTree = "<group>"; };
		A0DDF62B24C680C000DA5FDC /* ATNDeserializer.h */ = {isa = PBXFileReference; fileEncoding = 4; lastKnownFileType = sourcecode.c.h; path = ATNDeserializer.h; sourceTree = "<group>"; };
		A0DDF62C24C680C000DA5FDC /* LexerMoreAction.h */ = {isa = PBXFileReference; fileEncoding = 4; lastKnownFileType = sourcecode.c.h; path = LexerMoreAction.h; sourceTree = "<group>"; };
		A0DDF62D24C680C000DA5FDC /* RuleTransition.h */ = {isa = PBXFileReference; fileEncoding = 4; lastKnownFileType = sourcecode.c.h; path = RuleTransition.h; sourceTree = "<group>"; };
		A0DDF62E24C680C000DA5FDC /* StarLoopEntryState.h */ = {isa = PBXFileReference; fileEncoding = 4; lastKnownFileType = sourcecode.c.h; path = StarLoopEntryState.h; sourceTree = "<group>"; };
		A0DDF62F24C680C000DA5FDC /* StarBlockStartState.h */ = {isa = PBXFileReference; fileEncoding = 4; lastKnownFileType = sourcecode.c.h; path = StarBlockStartState.h; sourceTree = "<group>"; };
		A0DDF63024C680C000DA5FDC /* DecisionState.h */ = {isa = PBXFileReference; fileEncoding = 4; lastKnownFileType = sourcecode.c.h; path = DecisionState.h; sourceTree = "<group>"; };
		A0DDF63124C680C000DA5FDC /* LexerIndexedCustomAction.h */ = {isa = PBXFileReference; fileEncoding = 4; lastKnownFileType = sourcecode.c.h; path = LexerIndexedCustomAction.h; sourceTree = "<group>"; };
		A0DDF63224C680C000DA5FDC /* PlusLoopbackState.h */ = {isa = PBXFileReference; fileEncoding = 4; lastKnownFileType = sourcecode.c.h; path = PlusLoopbackState.h; sourceTree = "<group>"; };
		A0DDF63324C680C000DA5FDC /* LexerATNConfig.h */ = {isa = PBXFileReference; fileEncoding = 4; lastKnownFileType = sourcecode.c.h; path = LexerATNConfig.h; sourceTree = "<group>"; };
		A0DDF63424C680C000DA5FDC /* PredictionMode.h */ = {isa = PBXFileReference; fileEncoding = 4; lastKnownFileType = sourcecode.c.h; path = PredictionMode.h; sourceTree = "<group>"; };
		A0DDF63524C680C000DA5FDC /* BlockEndState.h */ = {isa = PBXFileReference; fileEncoding = 4; lastKnownFileType = sourcecode.c.h; path = BlockEndState.h; sourceTree = "<group>"; };
		A0DDF63624C680C000DA5FDC /* ATNConfig.h */ = {isa = PBXFileReference; fileEncoding = 4; lastKnownFileType = sourcecode.c.h; path = ATNConfig.h; sourceTree = "<group>"; };
		A0DDF63724C680C000DA5FDC /* TokensStartState.h */ = {isa = PBXFileReference; fileEncoding = 4; lastKnownFileType = sourcecode.c.h; path = TokensStartState.h; sourceTree = "<group>"; };
		A0DDF63824C680C000DA5FDC /* PredictionContext.h */ = {isa = PBXFileReference; fileEncoding = 4; lastKnownFileType = sourcecode.c.h; path = PredictionContext.h; sourceTree = "<group>"; };
		A0DDF63924C680C000DA5FDC /* RuleStartState.h */ = {isa = PBXFileReference; fileEncoding = 4; lastKnownFileType = sourcecode.c.h; path = RuleStartState.h; sourceTree = "<group>"; };
		A0DDF63A24C680C000DA5FDC /* LexerChannelAction.h */ = {isa = PBXFileReference; fileEncoding = 4; lastKnownFileType = sourcecode.c.h; path = LexerChannelAction.h; sourceTree = "<group>"; };
		A0DDF63B24C680C000DA5FDC /* LexerSkipAction.h */ = {isa = PBXFileReference; fileEncoding = 4; lastKnownFileType = sourcecode.c.h; path = LexerSkipAction.h; sourceTree = "<group>"; };
		A0DDF63C24C680C000DA5FDC /* ParseInfo.h */ = {isa = PBXFileReference; fileEncoding = 4; lastKnownFileType = sourcecode.c.h; path = ParseInfo.h; sourceTree = "<group>"; };
		A0DDF63D24C680C000DA5FDC /* Transition.h */ = {isa = PBXFileReference; fileEncoding = 4; lastKnownFileType = sourcecode.c.h; path = Transition.h; sourceTree = "<group>"; };
		A0DDF63E24C680C000DA5FDC /* NotSetTransition.h */ = {isa = PBXFileReference; fileEncoding = 4; lastKnownFileType = sourcecode.c.h; path = NotSetTransition.h; sourceTree = "<group>"; };
		A0DDF63F24C680C000DA5FDC /* BasicState.h */ = {isa = PBXFileReference; fileEncoding = 4; lastKnownFileType = sourcecode.c.h; path = BasicState.h; sourceTree = "<group>"; };
		A0DDF64024C680C000DA5FDC /* AbstractPredicateTransition.h */ = {isa = PBXFileReference; fileEncoding = 4; lastKnownFileType = sourcecode.c.h; path = AbstractPredicateTransition.h; sourceTree = "<group>"; };
		A0DDF64124C680C000DA5FDC /* ATNSerializer.h */ = {isa = PBXFileReference; fileEncoding = 4; lastKnownFileType = sourcecode.c.h; path = ATNSerializer.h; sourceTree = "<group>"; };
		A0DDF64224C680C000DA5FDC /* ParserATNSimulator.h */ = {isa = PBXFileReference; fileEncoding = 4; lastKnownFileType = sourcecode.c.h; path = ParserATNSimulator.h; sourceTree = "<group>"; };
		A0DDF64324C680C000DA5FDC /* PredicateTransition.h */ = {isa = PBXFileReference; fileEncoding = 4; lastKnownFileType = sourcecode.c.h; path = PredicateTransition.h; sourceTree = "<group>"; };
		A0DDF64424C680C000DA5FDC /* AtomTransition.h */ = {isa = PBXFileReference; fileEncoding = 4; lastKnownFileType = sourcecode.c.h; path = AtomTransition.h; sourceTree = "<group>"; };
		A0DDF64524C680C000DA5FDC /* LexerPushModeAction.h */ = {isa = PBXFileReference; fileEncoding = 4; lastKnownFileType = sourcecode.c.h; path = LexerPushModeAction.h; sourceTree = "<group>"; };
		A0DDF64624C680C000DA5FDC /* EpsilonTransition.h */ = {isa = PBXFileReference; fileEncoding = 4; lastKnownFileType = sourcecode.c.h; path = EpsilonTransition.h; sourceTree = "<group>"; };
		A0DDF64724C680C000DA5FDC /* OrderedATNConfigSet.h */ = {isa = PBXFileReference; fileEncoding = 4; lastKnownFileType = sourcecode.c.h; path = OrderedATNConfigSet.h; sourceTree = "<group>"; };
		A0DDF64824C680C000DA5FDC /* AmbiguityInfo.h */ = {isa = PBXFileReference; fileEncoding = 4; lastKnownFileType = sourcecode.c.h; path = AmbiguityInfo.h; sourceTree = "<group>"; };
		A0DDF64924C680C000DA5FDC /* LL1Analyzer.h */ = {isa = PBXFileReference; fileEncoding = 4; lastKnownFileType = sourcecode.c.h; path = LL1Analyzer.h; sourceTree = "<group>"; };
		A0DDF64A24C680C000DA5FDC /* ATNSimulator.h */ = {isa = PBXFileReference; fileEncoding = 4; lastKnownFileType = sourcecode.c.h; path = ATNSimulator.h; sourceTree = "<group>"; };
		A0DDF64B24C680C000DA5FDC /* RangeTransition.h */ = {isa = PBXFileReference; fileEncoding = 4; lastKnownFileType = sourcecode.c.h; path = RangeTransition.h; sourceTree = "<group>"; };
		A0DDF64C24C680C000DA5FDC /* RuleStopState.h */ = {isa = PBXFileReference; fileEncoding = 4; lastKnownFileType = sourcecode.c.h; path = RuleStopState.h; sourceTree = "<group>"; };
		A0DDF64D24C680C000DA5FDC /* ErrorInfo.h */ = {isa = PBXFileReference; fileEncoding = 4; lastKnownFileType = sourcecode.c.h; path = ErrorInfo.h; sourceTree = "<group>"; };
		A0DDF64E24C680C000DA5FDC /* LexerModeAction.h */ = {isa = PBXFileReference; fileEncoding = 4; lastKnownFileType = sourcecode.c.h; path = LexerModeAction.h; sourceTree = "<group>"; };
		A0DDF64F24C680C000DA5FDC /* ProfilingATNSimulator.h */ = {isa = PBXFileReference; fileEncoding = 4; lastKnownFileType = sourcecode.c.h; path = ProfilingATNSimulator.h; sourceTree = "<group>"; };
		A0DDF65024C680C000DA5FDC /* ATNConfigSet.h */ = {isa = PBXFileReference; fileEncoding = 4; lastKnownFileType = sourcecode.c.h; path = ATNConfigSet.h; sourceTree = "<group>"; };
		A0DDF65124C680C000DA5FDC /* ATNType.h */ = {isa = PBXFileReference; fileEncoding = 4; lastKnownFileType = sourcecode.c.h; path = ATNType.h; sourceTree = "<group>"; };
		A0DDF65224C680C000DA5FDC /* WildcardTransition.h */ = {isa = PBXFileReference; fileEncoding = 4; lastKnownFileType = sourcecode.c.h; path = WildcardTransition.h; sourceTree = "<group>"; };
		A0DDF65324C680C000DA5FDC /* ATN.h */ = {isa = PBXFileReference; fileEncoding = 4; lastKnownFileType = sourcecode.c.h; path = ATN.h; sourceTree = "<group>"; };
		A0DDF65424C680C000DA5FDC /* ArrayPredictionContext.h */ = {isa = PBXFileReference; fileEncoding = 4; lastKnownFileType = sourcecode.c.h; path = ArrayPredictionContext.h; sourceTree = "<group>"; };
		A0DDF65524C680C000DA5FDC /* SingletonPredictionContext.h */ = {isa = PBXFileReference; fileEncoding = 4; lastKnownFileType = sourcecode.c.h; path = SingletonPredictionContext.h; sourceTree = "<group>"; };
		A0DDF65624C680C000DA5FDC /* LexerPopModeAction.h */ = {isa = PBXFileReference; fileEncoding = 4; lastKnownFileType = sourcecode.c.h; path = LexerPopModeAction.h; sourceTree = "<group>"; };
		A0DDF65724C680C000DA5FDC /* ATNState.h */ = {isa = PBXFileReference; fileEncoding = 4; lastKnownFileType = sourcecode.c.h; path = ATNState.h; sourceTree = "<group>"; };
		A0DDF65824C680C000DA5FDC /* DecisionInfo.h */ = {isa = PBXFileReference; fileEncoding = 4; lastKnownFileType = sourcecode.c.h; path = DecisionInfo.h; sourceTree = "<group>"; };
		A0DDF65924C680C000DA5FDC /* BlockStartState.h */ = {isa = PBXFileReference; fileEncoding = 4; lastKnownFileType = sourcecode.c.h; path = BlockStartState.h; sourceTree = "<group>"; };
		A0DDF65A24C680C000DA5FDC /* LexerATNSimulator.h */ = {isa = PBXFileReference; fileEncoding = 4; lastKnownFileType = sourcecode.c.h; path = LexerATNSimulator.h; sourceTree = "<group>"; };
		A0DDF65B24C680C000DA5FDC /* SemanticContext.h */ = {isa = PBXFileReference; fileEncoding = 4; lastKnownFileType = sourcecode.c.h; path = SemanticContext.h; sourceTree = "<group>"; };
		A0DDF65C24C680C000DA5FDC /* ContextSensitivityInfo.h */ = {isa = PBXFileReference; fileEncoding = 4; lastKnownFileType = sourcecode.c.h; path = ContextSensitivityInfo.h; sourceTree = "<group>"; };
		A0DDF65D24C680C000DA5FDC /* LookaheadEventInfo.h */ = {isa = PBXFileReference; fileEncoding = 4; lastKnownFileType = sourcecode.c.h; path = LookaheadEventInfo.h; sourceTree = "<group>"; };
		A0DDF65E24C680C000DA5FDC /* LexerActionType.h */ = {isa = PBXFileReference; fileEncoding = 4; lastKnownFileType = sourcecode.c.h; path = LexerActionType.h; sourceTree = "<group>"; };
		A0DDF65F24C680C000DA5FDC /* StarLoopbackState.h */ = {isa = PBXFileReference; fileEncoding = 4; lastKnownFileType = sourcecode.c.h; path = StarLoopbackState.h; sourceTree = "<group>"; };
		A0DDF66024C680C000DA5FDC /* LexerAction.h */ = {isa = PBXFileReference; fileEncoding = 4; lastKnownFileType = sourcecode.c.h; path = LexerAction.h; sourceTree = "<group>"; };
		A0DDF66124C680C000DA5FDC /* DecisionEventInfo.h */ = {isa = PBXFileReference; fileEncoding = 4; lastKnownFileType = sourcecode.c.h; path = DecisionEventInfo.h; sourceTree = "<group>"; };
		A0DDF66224C680C000DA5FDC /* LexerActionExecutor.h */ = {isa = PBXFileReference; fileEncoding = 4; lastKnownFileType = sourcecode.c.h; path = LexerActionExecutor.h; sourceTree = "<group>"; };
		A0DDF66324C680C000DA5FDC /* PrecedencePredicateTransition.h */ = {isa = PBXFileReference; fileEncoding = 4; lastKnownFileType = sourcecode.c.h; path = PrecedencePredicateTransition.h; sourceTree = "<group>"; };
		A0DDF66424C680C000DA5FDC /* ATNDeserializationOptions.h */ = {isa = PBXFileReference; fileEncoding = 4; lastKnownFileType = sourcecode.c.h; path = ATNDeserializationOptions.h; sourceTree = "<group>"; };
		A0DDF66524C680C000DA5FDC /* BasicBlockStartState.h */ = {isa = PBXFileReference; fileEncoding = 4; lastKnownFileType = sourcecode.c.h; path = BasicBlockStartState.h; sourceTree = "<group>"; };
		A0DDF66624C680C000DA5FDC /* NoViableAltException.h */ = {isa = PBXFileReference; fileEncoding = 4; lastKnownFileType = sourcecode.c.h; path = NoViableAltException.h; sourceTree = "<group>"; };
		A0DDF66724C680C000DA5FDC /* TokenFactory.h */ = {isa = PBXFileReference; fileEncoding = 4; lastKnownFileType = sourcecode.c.h; path = TokenFactory.h; sourceTree = "<group>"; };
		A0DDF66824C680C000DA5FDC /* BailErrorStrategy.h */ = {isa = PBXFileReference; fileEncoding = 4; lastKnownFileType = sourcecode.c.h; path = BailErrorStrategy.h; sourceTree = "<group>"; };
		A0DDF66924C680C000DA5FDC /* BaseErrorListener.h */ = {isa = PBXFileReference; fileEncoding = 4; lastKnownFileType = sourcecode.c.h; path = BaseErrorListener.h; sourceTree = "<group>"; };
		A0DDF66A24C680C000DA5FDC /* LexerInterpreter.h */ = {isa = PBXFileReference; fileEncoding = 4; lastKnownFileType = sourcecode.c.h; path = LexerInterpreter.h; sourceTree = "<group>"; };
		A0DDF66C24C680C000DA5FDC /* libantlr4-runtime.a */ = {isa = PBXFileReference; lastKnownFileType = archive.ar; path = "libantlr4-runtime.a"; sourceTree = "<group>"; };
		A0DDF71324C6878200DA5FDC /* DDSL-Antlr.h */ = {isa = PBXFileReference; lastKnownFileType = sourcecode.c.h; path = "DDSL-Antlr.h"; sourceTree = "<group>"; };
		A0DDF71524C687EB00DA5FDC /* DDSL-Antlr.cpp */ = {isa = PBXFileReference; fileEncoding = 4; lastKnownFileType = sourcecode.cpp.cpp; path = "DDSL-Antlr.cpp"; sourceTree = "<group>"; };
/* End PBXFileReference section */

/* Begin PBXFrameworksBuildPhase section */
		A0DDF5B724C680AC00DA5FDC /* Frameworks */ = {
			isa = PBXFrameworksBuildPhase;
			buildActionMask = 2147483647;
			files = (
				A0DDF66D24C680C000DA5FDC /* libantlr4-runtime.a in Frameworks */,
			);
			runOnlyForDeploymentPostprocessing = 0;
		};
/* End PBXFrameworksBuildPhase section */

/* Begin PBXGroup section */
		A0DDF5B124C680AC00DA5FDC = {
			isa = PBXGroup;
			children = (
				A0DDF5BC24C680AC00DA5FDC /* DDSL-Antlr */,
				A0DDF5BB24C680AC00DA5FDC /* Products */,
			);
			sourceTree = "<group>";
		};
		A0DDF5BB24C680AC00DA5FDC /* Products */ = {
			isa = PBXGroup;
			children = (
				A0DDF5BA24C680AC00DA5FDC /* libDDSL-Antlr.a */,
			);
			name = Products;
			sourceTree = "<group>";
		};
		A0DDF5BC24C680AC00DA5FDC /* DDSL-Antlr */ = {
			isa = PBXGroup;
			children = (
				A0DDF5C624C680C000DA5FDC /* antlr4-runtime */,
				A0DDF66B24C680C000DA5FDC /* lib */,
				A0DDF71324C6878200DA5FDC /* DDSL-Antlr.h */,
				A0DDF71524C687EB00DA5FDC /* DDSL-Antlr.cpp */,
			);
			path = "DDSL-Antlr";
			sourceTree = "<group>";
		};
		A0DDF5C624C680C000DA5FDC /* antlr4-runtime */ = {
			isa = PBXGroup;
			children = (
				A0DDF5C724C680C000DA5FDC /* ListTokenSource.h */,
				A0DDF5C824C680C000DA5FDC /* misc */,
				A0DDF5CE24C680C000DA5FDC /* tree */,
				A0DDF5EF24C680C000DA5FDC /* LexerNoViableAltException.h */,
				A0DDF5F024C680C000DA5FDC /* ANTLRInputStream.h */,
				A0DDF5F124C680C000DA5FDC /* WritableToken.h */,
				A0DDF5F224C680C000DA5FDC /* FailedPredicateException.h */,
				A0DDF5F324C680C000DA5FDC /* Recognizer.h */,
				A0DDF5F424C680C000DA5FDC /* dfa */,
				A0DDF5F924C680C000DA5FDC /* Parser.h */,
				A0DDF5FA24C680C000DA5FDC /* ANTLRFileStream.h */,
				A0DDF5FB24C680C000DA5FDC /* ConsoleErrorListener.h */,
				A0DDF5FC24C680C000DA5FDC /* ANTLRErrorStrategy.h */,
				A0DDF5FD24C680C000DA5FDC /* ProxyErrorListener.h */,
				A0DDF5FE24C680C000DA5FDC /* Vocabulary.h */,
				A0DDF5FF24C680C000DA5FDC /* Exceptions.h */,
				A0DDF60024C680C000DA5FDC /* UnbufferedTokenStream.h */,
				A0DDF60124C680C000DA5FDC /* TokenStreamRewriter.h */,
				A0DDF60224C680C000DA5FDC /* TokenStream.h */,
				A0DDF60324C680C000DA5FDC /* TokenSource.h */,
				A0DDF60424C680C000DA5FDC /* ANTLRErrorListener.h */,
				A0DDF60524C680C000DA5FDC /* antlr4-common.h */,
				A0DDF60624C680C000DA5FDC /* BufferedTokenStream.h */,
				A0DDF60724C680C000DA5FDC /* ParserRuleContext.h */,
				A0DDF60824C680C000DA5FDC /* CommonTokenFactory.h */,
				A0DDF60924C680C000DA5FDC /* RuleContext.h */,
				A0DDF60A24C680C000DA5FDC /* RuleContextWithAltNum.h */,
				A0DDF60B24C680C000DA5FDC /* CommonToken.h */,
				A0DDF60C24C680C000DA5FDC /* InterpreterRuleContext.h */,
				A0DDF60D24C680C000DA5FDC /* DiagnosticErrorListener.h */,
				A0DDF60E24C680C000DA5FDC /* support */,
				A0DDF61624C680C000DA5FDC /* ParserInterpreter.h */,
				A0DDF61724C680C000DA5FDC /* RuntimeMetaData.h */,
				A0DDF61824C680C000DA5FDC /* RecognitionException.h */,
				A0DDF61924C680C000DA5FDC /* antlr4-runtime.h */,
				A0DDF61A24C680C000DA5FDC /* Lexer.h */,
				A0DDF61B24C680C000DA5FDC /* CommonTokenStream.h */,
				A0DDF61C24C680C000DA5FDC /* UnbufferedCharStream.h */,
				A0DDF61D24C680C000DA5FDC /* CharStream.h */,
				A0DDF61E24C680C000DA5FDC /* InputMismatchException.h */,
				A0DDF61F24C680C000DA5FDC /* Token.h */,
				A0DDF62024C680C000DA5FDC /* IntStream.h */,
				A0DDF62124C680C000DA5FDC /* DefaultErrorStrategy.h */,
				A0DDF62224C680C000DA5FDC /* atn */,
				A0DDF66624C680C000DA5FDC /* NoViableAltException.h */,
				A0DDF66724C680C000DA5FDC /* TokenFactory.h */,
				A0DDF66824C680C000DA5FDC /* BailErrorStrategy.h */,
				A0DDF66924C680C000DA5FDC /* BaseErrorListener.h */,
				A0DDF66A24C680C000DA5FDC /* LexerInterpreter.h */,
			);
			path = "antlr4-runtime";
			sourceTree = "<group>";
		};
		A0DDF5C824C680C000DA5FDC /* misc */ = {
			isa = PBXGroup;
			children = (
				A0DDF5C924C680C000DA5FDC /* InterpreterDataReader.h */,
				A0DDF5CA24C680C000DA5FDC /* IntervalSet.h */,
				A0DDF5CB24C680C000DA5FDC /* Predicate.h */,
				A0DDF5CC24C680C000DA5FDC /* MurmurHash.h */,
				A0DDF5CD24C680C000DA5FDC /* Interval.h */,
			);
			path = misc;
			sourceTree = "<group>";
		};
		A0DDF5CE24C680C000DA5FDC /* tree */ = {
			isa = PBXGroup;
			children = (
				A0DDF5CF24C680C000DA5FDC /* ParseTreeVisitor.h */,
				A0DDF5D024C680C000DA5FDC /* ParseTreeWalker.h */,
				A0DDF5D124C680C000DA5FDC /* xpath */,
				A0DDF5DC24C680C000DA5FDC /* ParseTreeListener.h */,
				A0DDF5DD24C680C000DA5FDC /* ErrorNode.h */,
				A0DDF5DE24C680C000DA5FDC /* TerminalNode.h */,
				A0DDF5DF24C680C000DA5FDC /* Trees.h */,
				A0DDF5E024C680C000DA5FDC /* AbstractParseTreeVisitor.h */,
				A0DDF5E124C680C000DA5FDC /* TerminalNodeImpl.h */,
				A0DDF5E224C680C000DA5FDC /* IterativeParseTreeWalker.h */,
				A0DDF5E324C680C000DA5FDC /* ErrorNodeImpl.h */,
				A0DDF5E424C680C000DA5FDC /* pattern */,
				A0DDF5ED24C680C000DA5FDC /* ParseTreeProperty.h */,
				A0DDF5EE24C680C000DA5FDC /* ParseTree.h */,
			);
			path = tree;
			sourceTree = "<group>";
		};
		A0DDF5D124C680C000DA5FDC /* xpath */ = {
			isa = PBXGroup;
			children = (
				A0DDF5D224C680C000DA5FDC /* XPathWildcardElement.h */,
				A0DDF5D324C680C000DA5FDC /* XPathElement.h */,
				A0DDF5D424C680C000DA5FDC /* XPathTokenElement.h */,
				A0DDF5D524C680C000DA5FDC /* XPathTokenAnywhereElement.h */,
				A0DDF5D624C680C000DA5FDC /* XPathLexerErrorListener.h */,
				A0DDF5D724C680C000DA5FDC /* XPathWildcardAnywhereElement.h */,
				A0DDF5D824C680C000DA5FDC /* XPathRuleElement.h */,
				A0DDF5D924C680C000DA5FDC /* XPath.h */,
				A0DDF5DA24C680C000DA5FDC /* XPathRuleAnywhereElement.h */,
				A0DDF5DB24C680C000DA5FDC /* XPathLexer.h */,
			);
			path = xpath;
			sourceTree = "<group>";
		};
		A0DDF5E424C680C000DA5FDC /* pattern */ = {
			isa = PBXGroup;
			children = (
				A0DDF5E524C680C000DA5FDC /* ParseTreePattern.h */,
				A0DDF5E624C680C000DA5FDC /* RuleTagToken.h */,
				A0DDF5E724C680C000DA5FDC /* ParseTreeMatch.h */,
				A0DDF5E824C680C000DA5FDC /* Chunk.h */,
				A0DDF5E924C680C000DA5FDC /* TokenTagToken.h */,
				A0DDF5EA24C680C000DA5FDC /* ParseTreePatternMatcher.h */,
				A0DDF5EB24C680C000DA5FDC /* TextChunk.h */,
				A0DDF5EC24C680C000DA5FDC /* TagChunk.h */,
			);
			path = pattern;
			sourceTree = "<group>";
		};
		A0DDF5F424C680C000DA5FDC /* dfa */ = {
			isa = PBXGroup;
			children = (
				A0DDF5F524C680C000DA5FDC /* LexerDFASerializer.h */,
				A0DDF5F624C680C000DA5FDC /* DFAState.h */,
				A0DDF5F724C680C000DA5FDC /* DFA.h */,
				A0DDF5F824C680C000DA5FDC /* DFASerializer.h */,
			);
			path = dfa;
			sourceTree = "<group>";
		};
		A0DDF60E24C680C000DA5FDC /* support */ = {
			isa = PBXGroup;
			children = (
				A0DDF60F24C680C000DA5FDC /* BitSet.h */,
				A0DDF61024C680C000DA5FDC /* CPPUtils.h */,
				A0DDF61124C680C000DA5FDC /* Declarations.h */,
				A0DDF61224C680C000DA5FDC /* StringUtils.h */,
				A0DDF61324C680C000DA5FDC /* guid.h */,
				A0DDF61424C680C000DA5FDC /* Arrays.h */,
				A0DDF61524C680C000DA5FDC /* Any.h */,
			);
			path = support;
			sourceTree = "<group>";
		};
		A0DDF62224C680C000DA5FDC /* atn */ = {
			isa = PBXGroup;
			children = (
				A0DDF62324C680C000DA5FDC /* LexerCustomAction.h */,
				A0DDF62424C680C000DA5FDC /* LoopEndState.h */,
				A0DDF62524C680C000DA5FDC /* ActionTransition.h */,
				A0DDF62624C680C000DA5FDC /* PlusBlockStartState.h */,
				A0DDF62724C680C000DA5FDC /* SetTransition.h */,
				A0DDF62824C680C000DA5FDC /* PredicateEvalInfo.h */,
				A0DDF62924C680C000DA5FDC /* EmptyPredictionContext.h */,
				A0DDF62A24C680C000DA5FDC /* LexerTypeAction.h */,
				A0DDF62B24C680C000DA5FDC /* ATNDeserializer.h */,
				A0DDF62C24C680C000DA5FDC /* LexerMoreAction.h */,
				A0DDF62D24C680C000DA5FDC /* RuleTransition.h */,
				A0DDF62E24C680C000DA5FDC /* StarLoopEntryState.h */,
				A0DDF62F24C680C000DA5FDC /* StarBlockStartState.h */,
				A0DDF63024C680C000DA5FDC /* DecisionState.h */,
				A0DDF63124C680C000DA5FDC /* LexerIndexedCustomAction.h */,
				A0DDF63224C680C000DA5FDC /* PlusLoopbackState.h */,
				A0DDF63324C680C000DA5FDC /* LexerATNConfig.h */,
				A0DDF63424C680C000DA5FDC /* PredictionMode.h */,
				A0DDF63524C680C000DA5FDC /* BlockEndState.h */,
				A0DDF63624C680C000DA5FDC /* ATNConfig.h */,
				A0DDF63724C680C000DA5FDC /* TokensStartState.h */,
				A0DDF63824C680C000DA5FDC /* PredictionContext.h */,
				A0DDF63924C680C000DA5FDC /* RuleStartState.h */,
				A0DDF63A24C680C000DA5FDC /* LexerChannelAction.h */,
				A0DDF63B24C680C000DA5FDC /* LexerSkipAction.h */,
				A0DDF63C24C680C000DA5FDC /* ParseInfo.h */,
				A0DDF63D24C680C000DA5FDC /* Transition.h */,
				A0DDF63E24C680C000DA5FDC /* NotSetTransition.h */,
				A0DDF63F24C680C000DA5FDC /* BasicState.h */,
				A0DDF64024C680C000DA5FDC /* AbstractPredicateTransition.h */,
				A0DDF64124C680C000DA5FDC /* ATNSerializer.h */,
				A0DDF64224C680C000DA5FDC /* ParserATNSimulator.h */,
				A0DDF64324C680C000DA5FDC /* PredicateTransition.h */,
				A0DDF64424C680C000DA5FDC /* AtomTransition.h */,
				A0DDF64524C680C000DA5FDC /* LexerPushModeAction.h */,
				A0DDF64624C680C000DA5FDC /* EpsilonTransition.h */,
				A0DDF64724C680C000DA5FDC /* OrderedATNConfigSet.h */,
				A0DDF64824C680C000DA5FDC /* AmbiguityInfo.h */,
				A0DDF64924C680C000DA5FDC /* LL1Analyzer.h */,
				A0DDF64A24C680C000DA5FDC /* ATNSimulator.h */,
				A0DDF64B24C680C000DA5FDC /* RangeTransition.h */,
				A0DDF64C24C680C000DA5FDC /* RuleStopState.h */,
				A0DDF64D24C680C000DA5FDC /* ErrorInfo.h */,
				A0DDF64E24C680C000DA5FDC /* LexerModeAction.h */,
				A0DDF64F24C680C000DA5FDC /* ProfilingATNSimulator.h */,
				A0DDF65024C680C000DA5FDC /* ATNConfigSet.h */,
				A0DDF65124C680C000DA5FDC /* ATNType.h */,
				A0DDF65224C680C000DA5FDC /* WildcardTransition.h */,
				A0DDF65324C680C000DA5FDC /* ATN.h */,
				A0DDF65424C680C000DA5FDC /* ArrayPredictionContext.h */,
				A0DDF65524C680C000DA5FDC /* SingletonPredictionContext.h */,
				A0DDF65624C680C000DA5FDC /* LexerPopModeAction.h */,
				A0DDF65724C680C000DA5FDC /* ATNState.h */,
				A0DDF65824C680C000DA5FDC /* DecisionInfo.h */,
				A0DDF65924C680C000DA5FDC /* BlockStartState.h */,
				A0DDF65A24C680C000DA5FDC /* LexerATNSimulator.h */,
				A0DDF65B24C680C000DA5FDC /* SemanticContext.h */,
				A0DDF65C24C680C000DA5FDC /* ContextSensitivityInfo.h */,
				A0DDF65D24C680C000DA5FDC /* LookaheadEventInfo.h */,
				A0DDF65E24C680C000DA5FDC /* LexerActionType.h */,
				A0DDF65F24C680C000DA5FDC /* StarLoopbackState.h */,
				A0DDF66024C680C000DA5FDC /* LexerAction.h */,
				A0DDF66124C680C000DA5FDC /* DecisionEventInfo.h */,
				A0DDF66224C680C000DA5FDC /* LexerActionExecutor.h */,
				A0DDF66324C680C000DA5FDC /* PrecedencePredicateTransition.h */,
				A0DDF66424C680C000DA5FDC /* ATNDeserializationOptions.h */,
				A0DDF66524C680C000DA5FDC /* BasicBlockStartState.h */,
			);
			path = atn;
			sourceTree = "<group>";
		};
		A0DDF66B24C680C000DA5FDC /* lib */ = {
			isa = PBXGroup;
			children = (
				A0DDF66C24C680C000DA5FDC /* libantlr4-runtime.a */,
			);
			path = lib;
			sourceTree = "<group>";
		};
/* End PBXGroup section */

/* Begin PBXNativeTarget section */
		A0DDF5B924C680AC00DA5FDC /* DDSL-Antlr */ = {
			isa = PBXNativeTarget;
			buildConfigurationList = A0DDF5C324C680AC00DA5FDC /* Build configuration list for PBXNativeTarget "DDSL-Antlr" */;
			buildPhases = (
				A0DDF5B624C680AC00DA5FDC /* Sources */,
				A0DDF5B724C680AC00DA5FDC /* Frameworks */,
				A0DDF5B824C680AC00DA5FDC /* CopyFiles */,
			);
			buildRules = (
			);
			dependencies = (
			);
			name = "DDSL-Antlr";
			productName = "DDSL-Antlr";
			productReference = A0DDF5BA24C680AC00DA5FDC /* libDDSL-Antlr.a */;
			productType = "com.apple.product-type.library.static";
		};
/* End PBXNativeTarget section */

/* Begin PBXProject section */
		A0DDF5B224C680AC00DA5FDC /* Project object */ = {
			isa = PBXProject;
			attributes = {
				LastUpgradeCheck = 1120;
				ORGANIZATIONNAME = youxiaobin;
				TargetAttributes = {
					A0DDF5B924C680AC00DA5FDC = {
						CreatedOnToolsVersion = 11.2.1;
					};
				};
			};
			buildConfigurationList = A0DDF5B524C680AC00DA5FDC /* Build configuration list for PBXProject "DDSL-Antlr" */;
			compatibilityVersion = "Xcode 9.3";
			developmentRegion = en;
			hasScannedForEncodings = 0;
			knownRegions = (
				en,
				Base,
			);
			mainGroup = A0DDF5B124C680AC00DA5FDC;
			productRefGroup = A0DDF5BB24C680AC00DA5FDC /* Products */;
			projectDirPath = "";
			projectRoot = "";
			targets = (
				A0DDF5B924C680AC00DA5FDC /* DDSL-Antlr */,
			);
		};
/* End PBXProject section */

/* Begin PBXSourcesBuildPhase section */
		A0DDF5B624C680AC00DA5FDC /* Sources */ = {
			isa = PBXSourcesBuildPhase;
			buildActionMask = 2147483647;
			files = (
				A0DDF71624C687EB00DA5FDC /* DDSL-Antlr.cpp in Sources */,
			);
			runOnlyForDeploymentPostprocessing = 0;
		};
/* End PBXSourcesBuildPhase section */

/* Begin XCBuildConfiguration section */
		A0DDF5C124C680AC00DA5FDC /* Debug */ = {
			isa = XCBuildConfiguration;
			buildSettings = {
				ALWAYS_SEARCH_USER_PATHS = NO;
				CLANG_ANALYZER_NONNULL = YES;
				CLANG_ANALYZER_NUMBER_OBJECT_CONVERSION = YES_AGGRESSIVE;
				CLANG_CXX_LANGUAGE_STANDARD = "gnu++14";
				CLANG_CXX_LIBRARY = "libc++";
				CLANG_ENABLE_MODULES = YES;
				CLANG_ENABLE_OBJC_ARC = YES;
				CLANG_ENABLE_OBJC_WEAK = YES;
				CLANG_WARN_BLOCK_CAPTURE_AUTORELEASING = YES;
				CLANG_WARN_BOOL_CONVERSION = YES;
				CLANG_WARN_COMMA = YES;
				CLANG_WARN_CONSTANT_CONVERSION = YES;
				CLANG_WARN_DEPRECATED_OBJC_IMPLEMENTATIONS = YES;
				CLANG_WARN_DIRECT_OBJC_ISA_USAGE = YES_ERROR;
				CLANG_WARN_DOCUMENTATION_COMMENTS = YES;
				CLANG_WARN_EMPTY_BODY = YES;
				CLANG_WARN_ENUM_CONVERSION = YES;
				CLANG_WARN_INFINITE_RECURSION = YES;
				CLANG_WARN_INT_CONVERSION = YES;
				CLANG_WARN_NON_LITERAL_NULL_CONVERSION = YES;
				CLANG_WARN_OBJC_IMPLICIT_RETAIN_SELF = YES;
				CLANG_WARN_OBJC_LITERAL_CONVERSION = YES;
				CLANG_WARN_OBJC_ROOT_CLASS = YES_ERROR;
				CLANG_WARN_RANGE_LOOP_ANALYSIS = YES;
				CLANG_WARN_STRICT_PROTOTYPES = YES;
				CLANG_WARN_SUSPICIOUS_MOVE = YES;
				CLANG_WARN_UNGUARDED_AVAILABILITY = YES_AGGRESSIVE;
				CLANG_WARN_UNREACHABLE_CODE = YES;
				CLANG_WARN__DUPLICATE_METHOD_MATCH = YES;
				COPY_PHASE_STRIP = NO;
				DEBUG_INFORMATION_FORMAT = dwarf;
				ENABLE_STRICT_OBJC_MSGSEND = YES;
				ENABLE_TESTABILITY = YES;
				GCC_C_LANGUAGE_STANDARD = gnu11;
				GCC_DYNAMIC_NO_PIC = NO;
				GCC_NO_COMMON_BLOCKS = YES;
				GCC_OPTIMIZATION_LEVEL = 0;
				GCC_PREPROCESSOR_DEFINITIONS = (
					"DEBUG=1",
					"$(inherited)",
				);
				GCC_WARN_64_TO_32_BIT_CONVERSION = YES;
				GCC_WARN_ABOUT_RETURN_TYPE = YES_ERROR;
				GCC_WARN_UNDECLARED_SELECTOR = YES;
				GCC_WARN_UNINITIALIZED_AUTOS = YES_AGGRESSIVE;
				GCC_WARN_UNUSED_FUNCTION = YES;
				GCC_WARN_UNUSED_VARIABLE = YES;
				IPHONEOS_DEPLOYMENT_TARGET = 13.2;
				MTL_ENABLE_DEBUG_INFO = INCLUDE_SOURCE;
				MTL_FAST_MATH = YES;
				ONLY_ACTIVE_ARCH = YES;
				SDKROOT = iphoneos;
			};
			name = Debug;
		};
		A0DDF5C224C680AC00DA5FDC /* Release */ = {
			isa = XCBuildConfiguration;
			buildSettings = {
				ALWAYS_SEARCH_USER_PATHS = NO;
				CLANG_ANALYZER_NONNULL = YES;
				CLANG_ANALYZER_NUMBER_OBJECT_CONVERSION = YES_AGGRESSIVE;
				CLANG_CXX_LANGUAGE_STANDARD = "gnu++14";
				CLANG_CXX_LIBRARY = "libc++";
				CLANG_ENABLE_MODULES = YES;
				CLANG_ENABLE_OBJC_ARC = YES;
				CLANG_ENABLE_OBJC_WEAK = YES;
				CLANG_WARN_BLOCK_CAPTURE_AUTORELEASING = YES;
				CLANG_WARN_BOOL_CONVERSION = YES;
				CLANG_WARN_COMMA = YES;
				CLANG_WARN_CONSTANT_CONVERSION = YES;
				CLANG_WARN_DEPRECATED_OBJC_IMPLEMENTATIONS = YES;
				CLANG_WARN_DIRECT_OBJC_ISA_USAGE = YES_ERROR;
				CLANG_WARN_DOCUMENTATION_COMMENTS = YES;
				CLANG_WARN_EMPTY_BODY = YES;
				CLANG_WARN_ENUM_CONVERSION = YES;
				CLANG_WARN_INFINITE_RECURSION = YES;
				CLANG_WARN_INT_CONVERSION = YES;
				CLANG_WARN_NON_LITERAL_NULL_CONVERSION = YES;
				CLANG_WARN_OBJC_IMPLICIT_RETAIN_SELF = YES;
				CLANG_WARN_OBJC_LITERAL_CONVERSION = YES;
				CLANG_WARN_OBJC_ROOT_CLASS = YES_ERROR;
				CLANG_WARN_RANGE_LOOP_ANALYSIS = YES;
				CLANG_WARN_STRICT_PROTOTYPES = YES;
				CLANG_WARN_SUSPICIOUS_MOVE = YES;
				CLANG_WARN_UNGUARDED_AVAILABILITY = YES_AGGRESSIVE;
				CLANG_WARN_UNREACHABLE_CODE = YES;
				CLANG_WARN__DUPLICATE_METHOD_MATCH = YES;
				COPY_PHASE_STRIP = NO;
				DEBUG_INFORMATION_FORMAT = "dwarf-with-dsym";
				ENABLE_NS_ASSERTIONS = NO;
				ENABLE_STRICT_OBJC_MSGSEND = YES;
				GCC_C_LANGUAGE_STANDARD = gnu11;
				GCC_NO_COMMON_BLOCKS = YES;
				GCC_WARN_64_TO_32_BIT_CONVERSION = YES;
				GCC_WARN_ABOUT_RETURN_TYPE = YES_ERROR;
				GCC_WARN_UNDECLARED_SELECTOR = YES;
				GCC_WARN_UNINITIALIZED_AUTOS = YES_AGGRESSIVE;
				GCC_WARN_UNUSED_FUNCTION = YES;
				GCC_WARN_UNUSED_VARIABLE = YES;
				IPHONEOS_DEPLOYMENT_TARGET = 13.2;
				MTL_ENABLE_DEBUG_INFO = NO;
				MTL_FAST_MATH = YES;
				SDKROOT = iphoneos;
				VALIDATE_PRODUCT = YES;
			};
			name = Release;
		};
		A0DDF5C424C680AC00DA5FDC /* Debug */ = {
			isa = XCBuildConfiguration;
			buildSettings = {
				CODE_SIGN_STYLE = Automatic;
				HEADER_SEARCH_PATHS = "\"${SRCROOT}/DDSL-Antlr/antlr4-runtime\"";
				LIBRARY_SEARCH_PATHS = (
					"$(inherited)",
					"$(PROJECT_DIR)/DDSL-Antlr/lib",
				);
				OTHER_LDFLAGS = "-ObjC";
				PRODUCT_NAME = "$(TARGET_NAME)";
				SKIP_INSTALL = YES;
				TARGETED_DEVICE_FAMILY = "1,2";
			};
			name = Debug;
		};
		A0DDF5C524C680AC00DA5FDC /* Release */ = {
			isa = XCBuildConfiguration;
			buildSettings = {
				CODE_SIGN_STYLE = Automatic;
				HEADER_SEARCH_PATHS = "\"${SRCROOT}/DDSL-Antlr/antlr4-runtime\"";
				LIBRARY_SEARCH_PATHS = (
					"$(inherited)",
					"$(PROJECT_DIR)/DDSL-Antlr/lib",
				);
				OTHER_LDFLAGS = "-ObjC";
				PRODUCT_NAME = "$(TARGET_NAME)";
				SKIP_INSTALL = YES;
				TARGETED_DEVICE_FAMILY = "1,2";
			};
			name = Release;
		};
/* End XCBuildConfiguration section */

/* Begin XCConfigurationList section */
		A0DDF5B524C680AC00DA5FDC /* Build configuration list for PBXProject "DDSL-Antlr" */ = {
			isa = XCConfigurationList;
			buildConfigurations = (
				A0DDF5C124C680AC00DA5FDC /* Debug */,
				A0DDF5C224C680AC00DA5FDC /* Release */,
			);
			defaultConfigurationIsVisible = 0;
			defaultConfigurationName = Release;
		};
		A0DDF5C324C680AC00DA5FDC /* Build configuration list for PBXNativeTarget "DDSL-Antlr" */ = {
			isa = XCConfigurationList;
			buildConfigurations = (
				A0DDF5C424C680AC00DA5FDC /* Debug */,
				A0DDF5C524C680AC00DA5FDC /* Release */,
			);
			defaultConfigurationIsVisible = 0;
			defaultConfigurationName = Release;
		};
/* End XCConfigurationList section */
	};
	rootObject = A0DDF5B224C680AC00DA5FDC /* Project object */;
}
